// !$*UTF8*$!
{
	archiveVersion = 1;
	classes = {
	};
	objectVersion = 46;
	objects = {

/* Begin PBXBuildFile section */
		560BB92A4E17A3F57C639D18 /* libPods.a in Frameworks */ = {isa = PBXBuildFile; fileRef = 8389727AC54DF668A1D7AB75 /* libPods.a */; };
		5C8AE9061D53354A006885C6 /* testViewController.swift in Sources */ = {isa = PBXBuildFile; fileRef = 5C8AE9051D53354A006885C6 /* testViewController.swift */; };
		5CA64C631D2AB67E00F5CE32 /* AppDelegate.swift in Sources */ = {isa = PBXBuildFile; fileRef = 5CA64C621D2AB67E00F5CE32 /* AppDelegate.swift */; };
		5CA64C651D2AB67E00F5CE32 /* ViewController.swift in Sources */ = {isa = PBXBuildFile; fileRef = 5CA64C641D2AB67E00F5CE32 /* ViewController.swift */; };
		5CA64C681D2AB67E00F5CE32 /* Main.storyboard in Resources */ = {isa = PBXBuildFile; fileRef = 5CA64C661D2AB67E00F5CE32 /* Main.storyboard */; };
		5CA64C6B1D2AB67E00F5CE32 /* testSwift.xcdatamodeld in Sources */ = {isa = PBXBuildFile; fileRef = 5CA64C691D2AB67E00F5CE32 /* testSwift.xcdatamodeld */; };
		5CA64C6D1D2AB67E00F5CE32 /* Assets.xcassets in Resources */ = {isa = PBXBuildFile; fileRef = 5CA64C6C1D2AB67E00F5CE32 /* Assets.xcassets */; };
		5CA64C701D2AB67E00F5CE32 /* LaunchScreen.storyboard in Resources */ = {isa = PBXBuildFile; fileRef = 5CA64C6E1D2AB67E00F5CE32 /* LaunchScreen.storyboard */; };
		5CA64C7A1D2AB69B00F5CE32 /* test.m in Sources */ = {isa = PBXBuildFile; fileRef = 5CA64C791D2AB69B00F5CE32 /* test.m */; };
		5CA64C8F1D2AB6B400F5CE32 /* AFHTTPRequestOperation.m in Sources */ = {isa = PBXBuildFile; fileRef = 5CA64C7D1D2AB6B400F5CE32 /* AFHTTPRequestOperation.m */; };
		5CA64C901D2AB6B400F5CE32 /* AFHTTPRequestOperationManager.m in Sources */ = {isa = PBXBuildFile; fileRef = 5CA64C7F1D2AB6B400F5CE32 /* AFHTTPRequestOperationManager.m */; };
		5CA64C911D2AB6B400F5CE32 /* AFHTTPSessionManager.m in Sources */ = {isa = PBXBuildFile; fileRef = 5CA64C811D2AB6B400F5CE32 /* AFHTTPSessionManager.m */; };
		5CA64C921D2AB6B400F5CE32 /* AFNetworkReachabilityManager.m in Sources */ = {isa = PBXBuildFile; fileRef = 5CA64C841D2AB6B400F5CE32 /* AFNetworkReachabilityManager.m */; };
		5CA64C931D2AB6B400F5CE32 /* AFSecurityPolicy.m in Sources */ = {isa = PBXBuildFile; fileRef = 5CA64C861D2AB6B400F5CE32 /* AFSecurityPolicy.m */; };
		5CA64C941D2AB6B400F5CE32 /* AFURLConnectionOperation.m in Sources */ = {isa = PBXBuildFile; fileRef = 5CA64C881D2AB6B400F5CE32 /* AFURLConnectionOperation.m */; };
		5CA64C951D2AB6B400F5CE32 /* AFURLRequestSerialization.m in Sources */ = {isa = PBXBuildFile; fileRef = 5CA64C8A1D2AB6B400F5CE32 /* AFURLRequestSerialization.m */; };
		5CA64C961D2AB6B400F5CE32 /* AFURLResponseSerialization.m in Sources */ = {isa = PBXBuildFile; fileRef = 5CA64C8C1D2AB6B400F5CE32 /* AFURLResponseSerialization.m */; };
		5CA64C971D2AB6B400F5CE32 /* AFURLSessionManager.m in Sources */ = {isa = PBXBuildFile; fileRef = 5CA64C8E1D2AB6B400F5CE32 /* AFURLSessionManager.m */; };
		5CBD3ACF1D53858B005C4A6A /* testOCViewController.m in Sources */ = {isa = PBXBuildFile; fileRef = 5CBD3ACE1D53858B005C4A6A /* testOCViewController.m */; };
		5CC544FA1D4CD57D00F439EF /* oneViewController.swift in Sources */ = {isa = PBXBuildFile; fileRef = 5CC544F91D4CD57D00F439EF /* oneViewController.swift */; };
		5CC544FC1D4CD58F00F439EF /* twoViewController.swift in Sources */ = {isa = PBXBuildFile; fileRef = 5CC544FB1D4CD58F00F439EF /* twoViewController.swift */; };
		5CC544FE1D4CD59B00F439EF /* threeViewController.swift in Sources */ = {isa = PBXBuildFile; fileRef = 5CC544FD1D4CD59B00F439EF /* threeViewController.swift */; };
		5CC545001D4CD70800F439EF /* fourViewController.swift in Sources */ = {isa = PBXBuildFile; fileRef = 5CC544FF1D4CD70800F439EF /* fourViewController.swift */; };
/* End PBXBuildFile section */

/* Begin PBXFileReference section */
		070A0D98FD75467B4EC9B4B9 /* Pods.release.xcconfig */ = {isa = PBXFileReference; includeInIndex = 1; lastKnownFileType = text.xcconfig; name = Pods.release.xcconfig; path = "Pods/Target Support Files/Pods/Pods.release.xcconfig"; sourceTree = "<group>"; };
		5C8AE9051D53354A006885C6 /* testViewController.swift */ = {isa = PBXFileReference; fileEncoding = 4; lastKnownFileType = sourcecode.swift; path = testViewController.swift; sourceTree = "<group>"; };
		5CA64C5F1D2AB67E00F5CE32 /* testSwift.app */ = {isa = PBXFileReference; explicitFileType = wrapper.application; includeInIndex = 0; path = testSwift.app; sourceTree = BUILT_PRODUCTS_DIR; };
		5CA64C621D2AB67E00F5CE32 /* AppDelegate.swift */ = {isa = PBXFileReference; lastKnownFileType = sourcecode.swift; path = AppDelegate.swift; sourceTree = "<group>"; };
		5CA64C641D2AB67E00F5CE32 /* ViewController.swift */ = {isa = PBXFileReference; lastKnownFileType = sourcecode.swift; path = ViewController.swift; sourceTree = "<group>"; };
		5CA64C671D2AB67E00F5CE32 /* Base */ = {isa = PBXFileReference; lastKnownFileType = file.storyboard; name = Base; path = Base.lproj/Main.storyboard; sourceTree = "<group>"; };
		5CA64C6A1D2AB67E00F5CE32 /* testSwift.xcdatamodel */ = {isa = PBXFileReference; lastKnownFileType = wrapper.xcdatamodel; path = testSwift.xcdatamodel; sourceTree = "<group>"; };
		5CA64C6C1D2AB67E00F5CE32 /* Assets.xcassets */ = {isa = PBXFileReference; lastKnownFileType = folder.assetcatalog; path = Assets.xcassets; sourceTree = "<group>"; };
		5CA64C6F1D2AB67E00F5CE32 /* Base */ = {isa = PBXFileReference; lastKnownFileType = file.storyboard; name = Base; path = Base.lproj/LaunchScreen.storyboard; sourceTree = "<group>"; };
		5CA64C711D2AB67E00F5CE32 /* Info.plist */ = {isa = PBXFileReference; lastKnownFileType = text.plist.xml; path = Info.plist; sourceTree = "<group>"; };
		5CA64C771D2AB69B00F5CE32 /* testSwift-Bridging-Header.h */ = {isa = PBXFileReference; lastKnownFileType = sourcecode.c.h; path = "testSwift-Bridging-Header.h"; sourceTree = "<group>"; };
		5CA64C781D2AB69B00F5CE32 /* test.h */ = {isa = PBXFileReference; fileEncoding = 4; lastKnownFileType = sourcecode.c.h; path = test.h; sourceTree = "<group>"; };
		5CA64C791D2AB69B00F5CE32 /* test.m */ = {isa = PBXFileReference; fileEncoding = 4; lastKnownFileType = sourcecode.c.objc; path = test.m; sourceTree = "<group>"; };
		5CA64C7C1D2AB6B400F5CE32 /* AFHTTPRequestOperation.h */ = {isa = PBXFileReference; fileEncoding = 4; lastKnownFileType = sourcecode.c.h; path = AFHTTPRequestOperation.h; sourceTree = "<group>"; };
		5CA64C7D1D2AB6B400F5CE32 /* AFHTTPRequestOperation.m */ = {isa = PBXFileReference; fileEncoding = 4; lastKnownFileType = sourcecode.c.objc; path = AFHTTPRequestOperation.m; sourceTree = "<group>"; };
		5CA64C7E1D2AB6B400F5CE32 /* AFHTTPRequestOperationManager.h */ = {isa = PBXFileReference; fileEncoding = 4; lastKnownFileType = sourcecode.c.h; path = AFHTTPRequestOperationManager.h; sourceTree = "<group>"; };
		5CA64C7F1D2AB6B400F5CE32 /* AFHTTPRequestOperationManager.m */ = {isa = PBXFileReference; fileEncoding = 4; lastKnownFileType = sourcecode.c.objc; path = AFHTTPRequestOperationManager.m; sourceTree = "<group>"; };
		5CA64C801D2AB6B400F5CE32 /* AFHTTPSessionManager.h */ = {isa = PBXFileReference; fileEncoding = 4; lastKnownFileType = sourcecode.c.h; path = AFHTTPSessionManager.h; sourceTree = "<group>"; };
		5CA64C811D2AB6B400F5CE32 /* AFHTTPSessionManager.m */ = {isa = PBXFileReference; fileEncoding = 4; lastKnownFileType = sourcecode.c.objc; path = AFHTTPSessionManager.m; sourceTree = "<group>"; };
		5CA64C821D2AB6B400F5CE32 /* AFNetworking.h */ = {isa = PBXFileReference; fileEncoding = 4; lastKnownFileType = sourcecode.c.h; path = AFNetworking.h; sourceTree = "<group>"; };
		5CA64C831D2AB6B400F5CE32 /* AFNetworkReachabilityManager.h */ = {isa = PBXFileReference; fileEncoding = 4; lastKnownFileType = sourcecode.c.h; path = AFNetworkReachabilityManager.h; sourceTree = "<group>"; };
		5CA64C841D2AB6B400F5CE32 /* AFNetworkReachabilityManager.m */ = {isa = PBXFileReference; fileEncoding = 4; lastKnownFileType = sourcecode.c.objc; path = AFNetworkReachabilityManager.m; sourceTree = "<group>"; };
		5CA64C851D2AB6B400F5CE32 /* AFSecurityPolicy.h */ = {isa = PBXFileReference; fileEncoding = 4; lastKnownFileType = sourcecode.c.h; path = AFSecurityPolicy.h; sourceTree = "<group>"; };
		5CA64C861D2AB6B400F5CE32 /* AFSecurityPolicy.m */ = {isa = PBXFileReference; fileEncoding = 4; lastKnownFileType = sourcecode.c.objc; path = AFSecurityPolicy.m; sourceTree = "<group>"; };
		5CA64C871D2AB6B400F5CE32 /* AFURLConnectionOperation.h */ = {isa = PBXFileReference; fileEncoding = 4; lastKnownFileType = sourcecode.c.h; path = AFURLConnectionOperation.h; sourceTree = "<group>"; };
		5CA64C881D2AB6B400F5CE32 /* AFURLConnectionOperation.m */ = {isa = PBXFileReference; fileEncoding = 4; lastKnownFileType = sourcecode.c.objc; path = AFURLConnectionOperation.m; sourceTree = "<group>"; };
		5CA64C891D2AB6B400F5CE32 /* AFURLRequestSerialization.h */ = {isa = PBXFileReference; fileEncoding = 4; lastKnownFileType = sourcecode.c.h; path = AFURLRequestSerialization.h; sourceTree = "<group>"; };
		5CA64C8A1D2AB6B400F5CE32 /* AFURLRequestSerialization.m */ = {isa = PBXFileReference; fileEncoding = 4; lastKnownFileType = sourcecode.c.objc; path = AFURLRequestSerialization.m; sourceTree = "<group>"; };
		5CA64C8B1D2AB6B400F5CE32 /* AFURLResponseSerialization.h */ = {isa = PBXFileReference; fileEncoding = 4; lastKnownFileType = sourcecode.c.h; path = AFURLResponseSerialization.h; sourceTree = "<group>"; };
		5CA64C8C1D2AB6B400F5CE32 /* AFURLResponseSerialization.m */ = {isa = PBXFileReference; fileEncoding = 4; lastKnownFileType = sourcecode.c.objc; path = AFURLResponseSerialization.m; sourceTree = "<group>"; };
		5CA64C8D1D2AB6B400F5CE32 /* AFURLSessionManager.h */ = {isa = PBXFileReference; fileEncoding = 4; lastKnownFileType = sourcecode.c.h; path = AFURLSessionManager.h; sourceTree = "<group>"; };
		5CA64C8E1D2AB6B400F5CE32 /* AFURLSessionManager.m */ = {isa = PBXFileReference; fileEncoding = 4; lastKnownFileType = sourcecode.c.objc; path = AFURLSessionManager.m; sourceTree = "<group>"; };
		5CBD3ACD1D53858B005C4A6A /* testOCViewController.h */ = {isa = PBXFileReference; fileEncoding = 4; lastKnownFileType = sourcecode.c.h; path = testOCViewController.h; sourceTree = "<group>"; };
		5CBD3ACE1D53858B005C4A6A /* testOCViewController.m */ = {isa = PBXFileReference; fileEncoding = 4; lastKnownFileType = sourcecode.c.objc; path = testOCViewController.m; sourceTree = "<group>"; };
		5CC544F91D4CD57D00F439EF /* oneViewController.swift */ = {isa = PBXFileReference; fileEncoding = 4; lastKnownFileType = sourcecode.swift; path = oneViewController.swift; sourceTree = "<group>"; };
		5CC544FB1D4CD58F00F439EF /* twoViewController.swift */ = {isa = PBXFileReference; fileEncoding = 4; lastKnownFileType = sourcecode.swift; path = twoViewController.swift; sourceTree = "<group>"; };
		5CC544FD1D4CD59B00F439EF /* threeViewController.swift */ = {isa = PBXFileReference; fileEncoding = 4; lastKnownFileType = sourcecode.swift; path = threeViewController.swift; sourceTree = "<group>"; };
		5CC544FF1D4CD70800F439EF /* fourViewController.swift */ = {isa = PBXFileReference; fileEncoding = 4; lastKnownFileType = sourcecode.swift; name = fourViewController.swift; path = AFNetworking/fourViewController.swift; sourceTree = "<group>"; };
		8389727AC54DF668A1D7AB75 /* libPods.a */ = {isa = PBXFileReference; explicitFileType = archive.ar; includeInIndex = 0; path = libPods.a; sourceTree = BUILT_PRODUCTS_DIR; };
		A1AE629B408354B71A82C44F /* Pods.debug.xcconfig */ = {isa = PBXFileReference; includeInIndex = 1; lastKnownFileType = text.xcconfig; name = Pods.debug.xcconfig; path = "Pods/Target Support Files/Pods/Pods.debug.xcconfig"; sourceTree = "<group>"; };
/* End PBXFileReference section */

/* Begin PBXFrameworksBuildPhase section */
		5CA64C5C1D2AB67E00F5CE32 /* Frameworks */ = {
			isa = PBXFrameworksBuildPhase;
			buildActionMask = 2147483647;
			files = (
				560BB92A4E17A3F57C639D18 /* libPods.a in Frameworks */,
			);
			runOnlyForDeploymentPostprocessing = 0;
		};
/* End PBXFrameworksBuildPhase section */

/* Begin PBXGroup section */
		25C8E88AEF16D322DDA02792 /* Pods */ = {
			isa = PBXGroup;
			children = (
				A1AE629B408354B71A82C44F /* Pods.debug.xcconfig */,
				070A0D98FD75467B4EC9B4B9 /* Pods.release.xcconfig */,
			);
			name = Pods;
			sourceTree = "<group>";
		};
		5CA64C561D2AB67E00F5CE32 = {
			isa = PBXGroup;
			children = (
				5CA64C611D2AB67E00F5CE32 /* testSwift */,
				5CA64C601D2AB67E00F5CE32 /* Products */,
				25C8E88AEF16D322DDA02792 /* Pods */,
				96CF352B03E2095F9AA79EFA /* Frameworks */,
			);
			sourceTree = "<group>";
		};
		5CA64C601D2AB67E00F5CE32 /* Products */ = {
			isa = PBXGroup;
			children = (
				5CA64C5F1D2AB67E00F5CE32 /* testSwift.app */,
			);
			name = Products;
			sourceTree = "<group>";
		};
		5CA64C611D2AB67E00F5CE32 /* testSwift */ = {
			isa = PBXGroup;
			children = (
				5CA64C7B1D2AB6B400F5CE32 /* AFNetworking */,
				5CA64C621D2AB67E00F5CE32 /* AppDelegate.swift */,
				5CA64C641D2AB67E00F5CE32 /* ViewController.swift */,
				5CA64C661D2AB67E00F5CE32 /* Main.storyboard */,
				5CA64C6C1D2AB67E00F5CE32 /* Assets.xcassets */,
				5CA64C6E1D2AB67E00F5CE32 /* LaunchScreen.storyboard */,
				5CA64C711D2AB67E00F5CE32 /* Info.plist */,
				5CA64C691D2AB67E00F5CE32 /* testSwift.xcdatamodeld */,
				5CA64C781D2AB69B00F5CE32 /* test.h */,
				5CA64C791D2AB69B00F5CE32 /* test.m */,
				5CA64C771D2AB69B00F5CE32 /* testSwift-Bridging-Header.h */,
				5CC544F91D4CD57D00F439EF /* oneViewController.swift */,
				5CC544FB1D4CD58F00F439EF /* twoViewController.swift */,
				5CC544FD1D4CD59B00F439EF /* threeViewController.swift */,
				5CC544FF1D4CD70800F439EF /* fourViewController.swift */,
				5C8AE9051D53354A006885C6 /* testViewController.swift */,
				5CBD3ACD1D53858B005C4A6A /* testOCViewController.h */,
				5CBD3ACE1D53858B005C4A6A /* testOCViewController.m */,
			);
			path = testSwift;
			sourceTree = "<group>";
		};
		5CA64C7B1D2AB6B400F5CE32 /* AFNetworking */ = {
			isa = PBXGroup;
			children = (
				5CA64C7C1D2AB6B400F5CE32 /* AFHTTPRequestOperation.h */,
				5CA64C7D1D2AB6B400F5CE32 /* AFHTTPRequestOperation.m */,
				5CA64C7E1D2AB6B400F5CE32 /* AFHTTPRequestOperationManager.h */,
				5CA64C7F1D2AB6B400F5CE32 /* AFHTTPRequestOperationManager.m */,
				5CA64C801D2AB6B400F5CE32 /* AFHTTPSessionManager.h */,
				5CA64C811D2AB6B400F5CE32 /* AFHTTPSessionManager.m */,
				5CA64C821D2AB6B400F5CE32 /* AFNetworking.h */,
				5CA64C831D2AB6B400F5CE32 /* AFNetworkReachabilityManager.h */,
				5CA64C841D2AB6B400F5CE32 /* AFNetworkReachabilityManager.m */,
				5CA64C851D2AB6B400F5CE32 /* AFSecurityPolicy.h */,
				5CA64C861D2AB6B400F5CE32 /* AFSecurityPolicy.m */,
				5CA64C871D2AB6B400F5CE32 /* AFURLConnectionOperation.h */,
				5CA64C881D2AB6B400F5CE32 /* AFURLConnectionOperation.m */,
				5CA64C891D2AB6B400F5CE32 /* AFURLRequestSerialization.h */,
				5CA64C8A1D2AB6B400F5CE32 /* AFURLRequestSerialization.m */,
				5CA64C8B1D2AB6B400F5CE32 /* AFURLResponseSerialization.h */,
				5CA64C8C1D2AB6B400F5CE32 /* AFURLResponseSerialization.m */,
				5CA64C8D1D2AB6B400F5CE32 /* AFURLSessionManager.h */,
				5CA64C8E1D2AB6B400F5CE32 /* AFURLSessionManager.m */,
			);
			path = AFNetworking;
			sourceTree = "<group>";
		};
		96CF352B03E2095F9AA79EFA /* Frameworks */ = {
			isa = PBXGroup;
			children = (
				8389727AC54DF668A1D7AB75 /* libPods.a */,
			);
			name = Frameworks;
			sourceTree = "<group>";
		};
/* End PBXGroup section */

/* Begin PBXNativeTarget section */
		5CA64C5E1D2AB67E00F5CE32 /* testSwift */ = {
			isa = PBXNativeTarget;
			buildConfigurationList = 5CA64C741D2AB67E00F5CE32 /* Build configuration list for PBXNativeTarget "testSwift" */;
			buildPhases = (
				6193CA5882986582944B17D9 /* Check Pods Manifest.lock */,
				5CA64C5B1D2AB67E00F5CE32 /* Sources */,
				5CA64C5C1D2AB67E00F5CE32 /* Frameworks */,
				5CA64C5D1D2AB67E00F5CE32 /* Resources */,
				9C0EE9B31B9E9D607631B2FD /* Embed Pods Frameworks */,
				8DBE274C9B355A317FC3C06F /* Copy Pods Resources */,
			);
			buildRules = (
			);
			dependencies = (
			);
			name = testSwift;
			productName = testSwift;
			productReference = 5CA64C5F1D2AB67E00F5CE32 /* testSwift.app */;
			productType = "com.apple.product-type.application";
		};
/* End PBXNativeTarget section */

/* Begin PBXProject section */
		5CA64C571D2AB67E00F5CE32 /* Project object */ = {
			isa = PBXProject;
			attributes = {
				LastSwiftUpdateCheck = 0730;
				LastUpgradeCheck = 0730;
				ORGANIZATIONNAME = csh;
				TargetAttributes = {
					5CA64C5E1D2AB67E00F5CE32 = {
						CreatedOnToolsVersion = 7.3.1;
					};
				};
			};
			buildConfigurationList = 5CA64C5A1D2AB67E00F5CE32 /* Build configuration list for PBXProject "testSwift" */;
			compatibilityVersion = "Xcode 3.2";
			developmentRegion = English;
			hasScannedForEncodings = 0;
			knownRegions = (
				en,
				Base,
			);
			mainGroup = 5CA64C561D2AB67E00F5CE32;
			productRefGroup = 5CA64C601D2AB67E00F5CE32 /* Products */;
			projectDirPath = "";
			projectRoot = "";
			targets = (
				5CA64C5E1D2AB67E00F5CE32 /* testSwift */,
			);
		};
/* End PBXProject section */

/* Begin PBXResourcesBuildPhase section */
		5CA64C5D1D2AB67E00F5CE32 /* Resources */ = {
			isa = PBXResourcesBuildPhase;
			buildActionMask = 2147483647;
			files = (
				5CA64C701D2AB67E00F5CE32 /* LaunchScreen.storyboard in Resources */,
				5CA64C6D1D2AB67E00F5CE32 /* Assets.xcassets in Resources */,
				5CA64C681D2AB67E00F5CE32 /* Main.storyboard in Resources */,
			);
			runOnlyForDeploymentPostprocessing = 0;
		};
/* End PBXResourcesBuildPhase section */

/* Begin PBXShellScriptBuildPhase section */
		6193CA5882986582944B17D9 /* Check Pods Manifest.lock */ = {
			isa = PBXShellScriptBuildPhase;
			buildActionMask = 2147483647;
			files = (
			);
			inputPaths = (
			);
			name = "Check Pods Manifest.lock";
			outputPaths = (
			);
			runOnlyForDeploymentPostprocessing = 0;
			shellPath = /bin/sh;
			shellScript = "diff \"${PODS_ROOT}/../Podfile.lock\" \"${PODS_ROOT}/Manifest.lock\" > /dev/null\nif [[ $? != 0 ]] ; then\n    cat << EOM\nerror: The sandbox is not in sync with the Podfile.lock. Run 'pod install' or update your CocoaPods installation.\nEOM\n    exit 1\nfi\n";
			showEnvVarsInLog = 0;
		};
		8DBE274C9B355A317FC3C06F /* Copy Pods Resources */ = {
			isa = PBXShellScriptBuildPhase;
			buildActionMask = 2147483647;
			files = (
			);
			inputPaths = (
			);
			name = "Copy Pods Resources";
			outputPaths = (
			);
			runOnlyForDeploymentPostprocessing = 0;
			shellPath = /bin/sh;
			shellScript = "\"${SRCROOT}/Pods/Target Support Files/Pods/Pods-resources.sh\"\n";
			showEnvVarsInLog = 0;
		};
		9C0EE9B31B9E9D607631B2FD /* Embed Pods Frameworks */ = {
			isa = PBXShellScriptBuildPhase;
			buildActionMask = 2147483647;
			files = (
			);
			inputPaths = (
			);
			name = "Embed Pods Frameworks";
			outputPaths = (
			);
			runOnlyForDeploymentPostprocessing = 0;
			shellPath = /bin/sh;
			shellScript = "\"${SRCROOT}/Pods/Target Support Files/Pods/Pods-frameworks.sh\"\n";
			showEnvVarsInLog = 0;
		};
/* End PBXShellScriptBuildPhase section */

/* Begin PBXSourcesBuildPhase section */
		5CA64C5B1D2AB67E00F5CE32 /* Sources */ = {
			isa = PBXSourcesBuildPhase;
			buildActionMask = 2147483647;
			files = (
				5CA64C651D2AB67E00F5CE32 /* ViewController.swift in Sources */,
				5CC545001D4CD70800F439EF /* fourViewController.swift in Sources */,
				5CA64C931D2AB6B400F5CE32 /* AFSecurityPolicy.m in Sources */,
				5CA64C7A1D2AB69B00F5CE32 /* test.m in Sources */,
				5CC544FA1D4CD57D00F439EF /* oneViewController.swift in Sources */,
				5CBD3ACF1D53858B005C4A6A /* testOCViewController.m in Sources */,
				5CA64C901D2AB6B400F5CE32 /* AFHTTPRequestOperationManager.m in Sources */,
				5CA64C941D2AB6B400F5CE32 /* AFURLConnectionOperation.m in Sources */,
				5CA64C8F1D2AB6B400F5CE32 /* AFHTTPRequestOperation.m in Sources */,
				5CA64C631D2AB67E00F5CE32 /* AppDelegate.swift in Sources */,
				5CA64C951D2AB6B400F5CE32 /* AFURLRequestSerialization.m in Sources */,
				5CA64C911D2AB6B400F5CE32 /* AFHTTPSessionManager.m in Sources */,
				5CA64C921D2AB6B400F5CE32 /* AFNetworkReachabilityManager.m in Sources */,
				5C8AE9061D53354A006885C6 /* testViewController.swift in Sources */,
				5CC544FE1D4CD59B00F439EF /* threeViewController.swift in Sources */,
				5CA64C961D2AB6B400F5CE32 /* AFURLResponseSerialization.m in Sources */,
				5CA64C971D2AB6B400F5CE32 /* AFURLSessionManager.m in Sources */,
				5CC544FC1D4CD58F00F439EF /* twoViewController.swift in Sources */,
				5CA64C6B1D2AB67E00F5CE32 /* testSwift.xcdatamodeld in Sources */,
			);
			runOnlyForDeploymentPostprocessing = 0;
		};
/* End PBXSourcesBuildPhase section */

/* Begin PBXVariantGroup section */
		5CA64C661D2AB67E00F5CE32 /* Main.storyboard */ = {
			isa = PBXVariantGroup;
			children = (
				5CA64C671D2AB67E00F5CE32 /* Base */,
			);
			name = Main.storyboard;
			sourceTree = "<group>";
		};
		5CA64C6E1D2AB67E00F5CE32 /* LaunchScreen.storyboard */ = {
			isa = PBXVariantGroup;
			children = (
				5CA64C6F1D2AB67E00F5CE32 /* Base */,
			);
			name = LaunchScreen.storyboard;
			sourceTree = "<group>";
		};
/* End PBXVariantGroup section */

/* Begin XCBuildConfiguration section */
		5CA64C721D2AB67E00F5CE32 /* Debug */ = {
			isa = XCBuildConfiguration;
			buildSettings = {
				ALWAYS_SEARCH_USER_PATHS = NO;
				CLANG_ANALYZER_NONNULL = YES;
				CLANG_CXX_LANGUAGE_STANDARD = "gnu++0x";
				CLANG_CXX_LIBRARY = "libc++";
				CLANG_ENABLE_MODULES = YES;
				CLANG_ENABLE_OBJC_ARC = YES;
				CLANG_WARN_BOOL_CONVERSION = YES;
				CLANG_WARN_CONSTANT_CONVERSION = YES;
				CLANG_WARN_DIRECT_OBJC_ISA_USAGE = YES_ERROR;
				CLANG_WARN_EMPTY_BODY = YES;
				CLANG_WARN_ENUM_CONVERSION = YES;
				CLANG_WARN_INT_CONVERSION = YES;
				CLANG_WARN_OBJC_ROOT_CLASS = YES_ERROR;
				CLANG_WARN_UNREACHABLE_CODE = YES;
				CLANG_WARN__DUPLICATE_METHOD_MATCH = YES;
				"CODE_SIGN_IDENTITY[sdk=iphoneos*]" = "iPhone Developer";
				COPY_PHASE_STRIP = NO;
				DEBUG_INFORMATION_FORMAT = dwarf;
				ENABLE_STRICT_OBJC_MSGSEND = YES;
				ENABLE_TESTABILITY = YES;
				GCC_C_LANGUAGE_STANDARD = gnu99;
				GCC_DYNAMIC_NO_PIC = NO;
				GCC_NO_COMMON_BLOCKS = YES;
				GCC_OPTIMIZATION_LEVEL = 0;
				GCC_PREPROCESSOR_DEFINITIONS = (
					"DEBUG=1",
					"$(inherited)",
				);
				GCC_WARN_64_TO_32_BIT_CONVERSION = YES;
				GCC_WARN_ABOUT_RETURN_TYPE = YES_ERROR;
				GCC_WARN_UNDECLARED_SELECTOR = YES;
				GCC_WARN_UNINITIALIZED_AUTOS = YES_AGGRESSIVE;
				GCC_WARN_UNUSED_FUNCTION = YES;
				GCC_WARN_UNUSED_VARIABLE = YES;
				IPHONEOS_DEPLOYMENT_TARGET = 9.3;
				MTL_ENABLE_DEBUG_INFO = YES;
				ONLY_ACTIVE_ARCH = YES;
				SDKROOT = iphoneos;
				SWIFT_OPTIMIZATION_LEVEL = "-Onone";
				TARGETED_DEVICE_FAMILY = "1,2";
			};
			name = Debug;
		};
		5CA64C731D2AB67E00F5CE32 /* Release */ = {
			isa = XCBuildConfiguration;
			buildSettings = {
				ALWAYS_SEARCH_USER_PATHS = NO;
				CLANG_ANALYZER_NONNULL = YES;
				CLANG_CXX_LANGUAGE_STANDARD = "gnu++0x";
				CLANG_CXX_LIBRARY = "libc++";
				CLANG_ENABLE_MODULES = YES;
				CLANG_ENABLE_OBJC_ARC = YES;
				CLANG_WARN_BOOL_CONVERSION = YES;
				CLANG_WARN_CONSTANT_CONVERSION = YES;
				CLANG_WARN_DIRECT_OBJC_ISA_USAGE = YES_ERROR;
				CLANG_WARN_EMPTY_BODY = YES;
				CLANG_WARN_ENUM_CONVERSION = YES;
				CLANG_WARN_INT_CONVERSION = YES;
				CLANG_WARN_OBJC_ROOT_CLASS = YES_ERROR;
				CLANG_WARN_UNREACHABLE_CODE = YES;
				CLANG_WARN__DUPLICATE_METHOD_MATCH = YES;
				"CODE_SIGN_IDENTITY[sdk=iphoneos*]" = "iPhone Developer";
				COPY_PHASE_STRIP = NO;
				DEBUG_INFORMATION_FORMAT = "dwarf-with-dsym";
				ENABLE_NS_ASSERTIONS = NO;
				ENABLE_STRICT_OBJC_MSGSEND = YES;
				GCC_C_LANGUAGE_STANDARD = gnu99;
				GCC_NO_COMMON_BLOCKS = YES;
				GCC_WARN_64_TO_32_BIT_CONVERSION = YES;
				GCC_WARN_ABOUT_RETURN_TYPE = YES_ERROR;
				GCC_WARN_UNDECLARED_SELECTOR = YES;
				GCC_WARN_UNINITIALIZED_AUTOS = YES_AGGRESSIVE;
				GCC_WARN_UNUSED_FUNCTION = YES;
				GCC_WARN_UNUSED_VARIABLE = YES;
				IPHONEOS_DEPLOYMENT_TARGET = 9.3;
				MTL_ENABLE_DEBUG_INFO = NO;
				SDKROOT = iphoneos;
				TARGETED_DEVICE_FAMILY = "1,2";
				VALIDATE_PRODUCT = YES;
			};
			name = Release;
		};
		5CA64C751D2AB67E00F5CE32 /* Debug */ = {
			isa = XCBuildConfiguration;
			baseConfigurationReference = A1AE629B408354B71A82C44F /* Pods.debug.xcconfig */;
			buildSettings = {
				ASSETCATALOG_COMPILER_APPICON_NAME = AppIcon;
				CLANG_ENABLE_MODULES = YES;
				INFOPLIST_FILE = testSwift/Info.plist;
				LD_RUNPATH_SEARCH_PATHS = "$(inherited) @executable_path/Frameworks";
				PRODUCT_BUNDLE_IDENTIFIER = com.sjgz.testSwift;
				PRODUCT_NAME = "$(TARGET_NAME)";
				SWIFT_OBJC_BRIDGING_HEADER = "testSwift/testSwift-Bridging-Header.h";
				SWIFT_OPTIMIZATION_LEVEL = "-Onone";
			};
			name = Debug;
		};
		5CA64C761D2AB67E00F5CE32 /* Release */ = {
			isa = XCBuildConfiguration;
			baseConfigurationReference = 070A0D98FD75467B4EC9B4B9 /* Pods.release.xcconfig */;
			buildSettings = {
				ASSETCATALOG_COMPILER_APPICON_NAME = AppIcon;
				CLANG_ENABLE_MODULES = YES;
				INFOPLIST_FILE = testSwift/Info.plist;
				LD_RUNPATH_SEARCH_PATHS = "$(inherited) @executable_path/Frameworks";
				PRODUCT_BUNDLE_IDENTIFIER = com.sjgz.testSwift;
				PRODUCT_NAME = "$(TARGET_NAME)";
				SWIFT_OBJC_BRIDGING_HEADER = "testSwift/testSwift-Bridging-Header.h";
			};
			name = Release;
		};
/* End XCBuildConfiguration section */

/* Begin XCConfigurationList section */
		5CA64C5A1D2AB67E00F5CE32 /* Build configuration list for PBXProject "testSwift" */ = {
			isa = XCConfigurationList;
			buildConfigurations = (
				5CA64C721D2AB67E00F5CE32 /* Debug */,
				5CA64C731D2AB67E00F5CE32 /* Release */,
			);
			defaultConfigurationIsVisible = 0;
			defaultConfigurationName = Release;
		};
		5CA64C741D2AB67E00F5CE32 /* Build configuration list for PBXNativeTarget "testSwift" */ = {
			isa = XCConfigurationList;
			buildConfigurations = (
				5CA64C751D2AB67E00F5CE32 /* Debug */,
				5CA64C761D2AB67E00F5CE32 /* Release */,
			);
			defaultConfigurationIsVisible = 0;
			defaultConfigurationName = Release;
		};
/* End XCConfigurationList section */

/* Begin XCVersionGroup section */
		5CA64C691D2AB67E00F5CE32 /* testSwift.xcdatamodeld */ = {
			isa = XCVersionGroup;
			children = (
				5CA64C6A1D2AB67E00F5CE32 /* testSwift.xcdatamodel */,
			);
			currentVersion = 5CA64C6A1D2AB67E00F5CE32 /* testSwift.xcdatamodel */;
			path = testSwift.xcdatamodeld;
			sourceTree = "<group>";
			versionGroupType = wrapper.xcdatamodel;
		};
/* End XCVersionGroup section */
	};
	rootObject = 5CA64C571D2AB67E00F5CE32 /* Project object */;
}
