// !$*UTF8*$!
{
	archiveVersion = 1;
	classes = {
	};
	objectVersion = 46;
	objects = {

/* Begin PBXBuildFile section */
		23D4D86C9561712C7B129A9A /* libPods.a in Frameworks */ = {isa = PBXBuildFile; fileRef = CAA4D38A2F87304612815D9D /* libPods.a */; };
		5C032B991D295C44003CF613 /* SeatTableViewController.swift in Sources */ = {isa = PBXBuildFile; fileRef = 5C032B981D295C44003CF613 /* SeatTableViewController.swift */; };
		5C032B9B1D296047003CF613 /* SeatViewCell.swift in Sources */ = {isa = PBXBuildFile; fileRef = 5C032B9A1D296047003CF613 /* SeatViewCell.swift */; };
		5C28F6341D2F59400032E26C /* ToolHelper.swift in Sources */ = {isa = PBXBuildFile; fileRef = 5C28F6331D2F59400032E26C /* ToolHelper.swift */; };
		5C828BBC1D3E08430037F5B1 /* SignStatusTableViewController.swift in Sources */ = {isa = PBXBuildFile; fileRef = 5C828BBB1D3E08430037F5B1 /* SignStatusTableViewController.swift */; };
		5C9EEFC71D2A3AB700071C7B /* Definition.swift in Sources */ = {isa = PBXBuildFile; fileRef = 5C9EEFC61D2A3AB700071C7B /* Definition.swift */; };
		5C9EEFCF1D2A481400071C7B /* ApplicationCenter.swift in Sources */ = {isa = PBXBuildFile; fileRef = 5C9EEFCE1D2A481400071C7B /* ApplicationCenter.swift */; };
		5C9EEFD11D2A4A4400071C7B /* UserInfo.swift in Sources */ = {isa = PBXBuildFile; fileRef = 5C9EEFD01D2A4A4400071C7B /* UserInfo.swift */; };
		5C9EEFD31D2A4ADE00071C7B /* Information.swift in Sources */ = {isa = PBXBuildFile; fileRef = 5C9EEFD21D2A4ADE00071C7B /* Information.swift */; };
		5C9EEFD51D2A4D3300071C7B /* RequestCenter.swift in Sources */ = {isa = PBXBuildFile; fileRef = 5C9EEFD41D2A4D3300071C7B /* RequestCenter.swift */; };
		5C9EEFD71D2A55A200071C7B /* SchoolInfo.swift in Sources */ = {isa = PBXBuildFile; fileRef = 5C9EEFD61D2A55A200071C7B /* SchoolInfo.swift */; };
		5C9EEFD91D2A59EE00071C7B /* ClassInfo.swift in Sources */ = {isa = PBXBuildFile; fileRef = 5C9EEFD81D2A59EE00071C7B /* ClassInfo.swift */; };
		5CA2571D1D2B4E460093E516 /* DataDirector.swift in Sources */ = {isa = PBXBuildFile; fileRef = 5CA2571C1D2B4E460093E516 /* DataDirector.swift */; };
		5CA2571F1D2B584A0093E516 /* DataHelper.swift in Sources */ = {isa = PBXBuildFile; fileRef = 5CA2571E1D2B584A0093E516 /* DataHelper.swift */; };
		5CA257211D2B5C200093E516 /* LoginViewController.swift in Sources */ = {isa = PBXBuildFile; fileRef = 5CA257201D2B5C200093E516 /* LoginViewController.swift */; };
		5CA64C4D1D2AAE3800F5CE32 /* AFHTTPRequestOperation.m in Sources */ = {isa = PBXBuildFile; fileRef = 5CA64C3B1D2AAE3800F5CE32 /* AFHTTPRequestOperation.m */; };
		5CA64C4E1D2AAE3800F5CE32 /* AFHTTPRequestOperationManager.m in Sources */ = {isa = PBXBuildFile; fileRef = 5CA64C3D1D2AAE3800F5CE32 /* AFHTTPRequestOperationManager.m */; };
		5CA64C4F1D2AAE3800F5CE32 /* AFHTTPSessionManager.m in Sources */ = {isa = PBXBuildFile; fileRef = 5CA64C3F1D2AAE3800F5CE32 /* AFHTTPSessionManager.m */; };
		5CA64C501D2AAE3800F5CE32 /* AFNetworkReachabilityManager.m in Sources */ = {isa = PBXBuildFile; fileRef = 5CA64C421D2AAE3800F5CE32 /* AFNetworkReachabilityManager.m */; };
		5CA64C511D2AAE3800F5CE32 /* AFSecurityPolicy.m in Sources */ = {isa = PBXBuildFile; fileRef = 5CA64C441D2AAE3800F5CE32 /* AFSecurityPolicy.m */; };
		5CA64C521D2AAE3800F5CE32 /* AFURLConnectionOperation.m in Sources */ = {isa = PBXBuildFile; fileRef = 5CA64C461D2AAE3800F5CE32 /* AFURLConnectionOperation.m */; };
		5CA64C531D2AAE3800F5CE32 /* AFURLRequestSerialization.m in Sources */ = {isa = PBXBuildFile; fileRef = 5CA64C481D2AAE3800F5CE32 /* AFURLRequestSerialization.m */; };
		5CA64C541D2AAE3800F5CE32 /* AFURLResponseSerialization.m in Sources */ = {isa = PBXBuildFile; fileRef = 5CA64C4A1D2AAE3800F5CE32 /* AFURLResponseSerialization.m */; };
		5CA64C551D2AAE3800F5CE32 /* AFURLSessionManager.m in Sources */ = {isa = PBXBuildFile; fileRef = 5CA64C4C1D2AAE3800F5CE32 /* AFURLSessionManager.m */; };
		5CAA86871D4A11D9004A60C1 /* TabBarViewController.swift in Sources */ = {isa = PBXBuildFile; fileRef = 5CAA86861D4A11D9004A60C1 /* TabBarViewController.swift */; };
		5CAA9D2C1D3CCE04006F91EC /* AlertHelper.swift in Sources */ = {isa = PBXBuildFile; fileRef = 5CAA9D2B1D3CCE04006F91EC /* AlertHelper.swift */; };
		5CAE45961D3536D300D541B2 /* TopDisAnimator.swift in Sources */ = {isa = PBXBuildFile; fileRef = 5CAE45951D3536D300D541B2 /* TopDisAnimator.swift */; };
		5CB34CC61D2E3E6200F39150 /* SeatInfo.swift in Sources */ = {isa = PBXBuildFile; fileRef = 5CB34CC51D2E3E6200F39150 /* SeatInfo.swift */; };
		5CB75FD51D37275F007B0A71 /* CVAuxiliaryView.swift in Sources */ = {isa = PBXBuildFile; fileRef = 5CB75FBA1D37275F007B0A71 /* CVAuxiliaryView.swift */; };
		5CB75FD61D37275F007B0A71 /* CVCalendarContentViewController.swift in Sources */ = {isa = PBXBuildFile; fileRef = 5CB75FBB1D37275F007B0A71 /* CVCalendarContentViewController.swift */; };
		5CB75FD71D37275F007B0A71 /* CVCalendarDayView.swift in Sources */ = {isa = PBXBuildFile; fileRef = 5CB75FBC1D37275F007B0A71 /* CVCalendarDayView.swift */; };
		5CB75FD81D37275F007B0A71 /* CVCalendarDayViewControlCoordinator.swift in Sources */ = {isa = PBXBuildFile; fileRef = 5CB75FBD1D37275F007B0A71 /* CVCalendarDayViewControlCoordinator.swift */; };
		5CB75FD91D37275F007B0A71 /* CVCalendarManager.swift in Sources */ = {isa = PBXBuildFile; fileRef = 5CB75FBE1D37275F007B0A71 /* CVCalendarManager.swift */; };
		5CB75FDA1D37275F007B0A71 /* CVCalendarMenuView.swift in Sources */ = {isa = PBXBuildFile; fileRef = 5CB75FBF1D37275F007B0A71 /* CVCalendarMenuView.swift */; };
		5CB75FDB1D37275F007B0A71 /* CVCalendarMenuViewDelegate.swift in Sources */ = {isa = PBXBuildFile; fileRef = 5CB75FC01D37275F007B0A71 /* CVCalendarMenuViewDelegate.swift */; };
		5CB75FDC1D37275F007B0A71 /* CVCalendarMonthContentViewController.swift in Sources */ = {isa = PBXBuildFile; fileRef = 5CB75FC11D37275F007B0A71 /* CVCalendarMonthContentViewController.swift */; };
		5CB75FDD1D37275F007B0A71 /* CVCalendarMonthView.swift in Sources */ = {isa = PBXBuildFile; fileRef = 5CB75FC21D37275F007B0A71 /* CVCalendarMonthView.swift */; };
		5CB75FDE1D37275F007B0A71 /* CVCalendarTouchController.swift in Sources */ = {isa = PBXBuildFile; fileRef = 5CB75FC31D37275F007B0A71 /* CVCalendarTouchController.swift */; };
		5CB75FDF1D37275F007B0A71 /* CVCalendarView.swift in Sources */ = {isa = PBXBuildFile; fileRef = 5CB75FC41D37275F007B0A71 /* CVCalendarView.swift */; };
		5CB75FE01D37275F007B0A71 /* CVCalendarViewAnimator.swift in Sources */ = {isa = PBXBuildFile; fileRef = 5CB75FC51D37275F007B0A71 /* CVCalendarViewAnimator.swift */; };
		5CB75FE11D37275F007B0A71 /* CVCalendarViewAnimatorDelegate.swift in Sources */ = {isa = PBXBuildFile; fileRef = 5CB75FC61D37275F007B0A71 /* CVCalendarViewAnimatorDelegate.swift */; };
		5CB75FE21D37275F007B0A71 /* CVCalendarViewAppearance.swift in Sources */ = {isa = PBXBuildFile; fileRef = 5CB75FC71D37275F007B0A71 /* CVCalendarViewAppearance.swift */; };
		5CB75FE31D37275F007B0A71 /* CVCalendarViewAppearanceDelegate.swift in Sources */ = {isa = PBXBuildFile; fileRef = 5CB75FC81D37275F007B0A71 /* CVCalendarViewAppearanceDelegate.swift */; };
		5CB75FE41D37275F007B0A71 /* CVCalendarViewDelegate.swift in Sources */ = {isa = PBXBuildFile; fileRef = 5CB75FC91D37275F007B0A71 /* CVCalendarViewDelegate.swift */; };
		5CB75FE51D37275F007B0A71 /* CVCalendarViewPresentationMode.swift in Sources */ = {isa = PBXBuildFile; fileRef = 5CB75FCA1D37275F007B0A71 /* CVCalendarViewPresentationMode.swift */; };
		5CB75FE61D37275F007B0A71 /* CVCalendarWeekContentViewController.swift in Sources */ = {isa = PBXBuildFile; fileRef = 5CB75FCB1D37275F007B0A71 /* CVCalendarWeekContentViewController.swift */; };
		5CB75FE71D37275F007B0A71 /* CVCalendarWeekday.swift in Sources */ = {isa = PBXBuildFile; fileRef = 5CB75FCC1D37275F007B0A71 /* CVCalendarWeekday.swift */; };
		5CB75FE81D37275F007B0A71 /* CVCalendarWeekView.swift in Sources */ = {isa = PBXBuildFile; fileRef = 5CB75FCD1D37275F007B0A71 /* CVCalendarWeekView.swift */; };
		5CB75FE91D37275F007B0A71 /* CVDate.swift in Sources */ = {isa = PBXBuildFile; fileRef = 5CB75FCE1D37275F007B0A71 /* CVDate.swift */; };
		5CB75FEA1D37275F007B0A71 /* CVRange.swift in Sources */ = {isa = PBXBuildFile; fileRef = 5CB75FCF1D37275F007B0A71 /* CVRange.swift */; };
		5CB75FEB1D37275F007B0A71 /* CVScrollDirection.swift in Sources */ = {isa = PBXBuildFile; fileRef = 5CB75FD01D37275F007B0A71 /* CVScrollDirection.swift */; };
		5CB75FEC1D37275F007B0A71 /* CVSelectionType.swift in Sources */ = {isa = PBXBuildFile; fileRef = 5CB75FD11D37275F007B0A71 /* CVSelectionType.swift */; };
		5CB75FED1D37275F007B0A71 /* CVSet.swift in Sources */ = {isa = PBXBuildFile; fileRef = 5CB75FD21D37275F007B0A71 /* CVSet.swift */; };
		5CB75FEE1D37275F007B0A71 /* CVShape.swift in Sources */ = {isa = PBXBuildFile; fileRef = 5CB75FD31D37275F007B0A71 /* CVShape.swift */; };
		5CB75FEF1D37275F007B0A71 /* CVWeekdaySymbolType.swift in Sources */ = {isa = PBXBuildFile; fileRef = 5CB75FD41D37275F007B0A71 /* CVWeekdaySymbolType.swift */; };
		5CB887611D2C97C900F00AED /* ListViewController.swift in Sources */ = {isa = PBXBuildFile; fileRef = 5CB887601D2C97C900F00AED /* ListViewController.swift */; };
		5CB887631D2CDE8100F00AED /* ClassView.swift in Sources */ = {isa = PBXBuildFile; fileRef = 5CB887621D2CDE8100F00AED /* ClassView.swift */; };
		5CB8876E1D2CE7C500F00AED /* ClassViewCell.swift in Sources */ = {isa = PBXBuildFile; fileRef = 5CB8876D1D2CE7C500F00AED /* ClassViewCell.swift */; };
		5CBA04C71D34865100ADFCF8 /* XKeychainHelper.m in Sources */ = {isa = PBXBuildFile; fileRef = 5CBA04C61D34865100ADFCF8 /* XKeychainHelper.m */; };
		5CBA04C91D34DD8000ADFCF8 /* CalendarViewController.swift in Sources */ = {isa = PBXBuildFile; fileRef = 5CBA04C81D34DD8000ADFCF8 /* CalendarViewController.swift */; };
		5CBA04D11D34E8A700ADFCF8 /* TopAnimator.swift in Sources */ = {isa = PBXBuildFile; fileRef = 5CBA04D01D34E8A700ADFCF8 /* TopAnimator.swift */; };
		5CBB1D731D4907B1007B56C0 /* Menu.storyboard in Resources */ = {isa = PBXBuildFile; fileRef = 5CBB1D721D4907B1007B56C0 /* Menu.storyboard */; };
		5CCBA8A51D29E87D002FD76B /* XDeviceHelper.swift in Sources */ = {isa = PBXBuildFile; fileRef = 5CCBA8A41D29E87D002FD76B /* XDeviceHelper.swift */; };
		5CCC4C271D2B97C400C162EF /* XConnectionHelper.m in Sources */ = {isa = PBXBuildFile; fileRef = 5CCC4C261D2B97C400C162EF /* XConnectionHelper.m */; };
		5CCD7DB61D47119500E6079F /* SlideMenuAnimatedTransition.swift in Sources */ = {isa = PBXBuildFile; fileRef = 5CCD7DB51D47119500E6079F /* SlideMenuAnimatedTransition.swift */; };
		5CCD7DC11D474B5300E6079F /* RightMenuTableViewController.swift in Sources */ = {isa = PBXBuildFile; fileRef = 5CCD7DC01D474B5300E6079F /* RightMenuTableViewController.swift */; };
		5CDC7A6E1D24F64800F19BAD /* AppDelegate.swift in Sources */ = {isa = PBXBuildFile; fileRef = 5CDC7A6D1D24F64800F19BAD /* AppDelegate.swift */; };
		5CDC7A701D24F64800F19BAD /* ViewController.swift in Sources */ = {isa = PBXBuildFile; fileRef = 5CDC7A6F1D24F64800F19BAD /* ViewController.swift */; };
		5CDC7A731D24F64800F19BAD /* Main.storyboard in Resources */ = {isa = PBXBuildFile; fileRef = 5CDC7A711D24F64800F19BAD /* Main.storyboard */; };
		5CDC7A761D24F64800F19BAD /* BabyGuard.xcdatamodeld in Sources */ = {isa = PBXBuildFile; fileRef = 5CDC7A741D24F64800F19BAD /* BabyGuard.xcdatamodeld */; };
		5CDC7A781D24F64800F19BAD /* Assets.xcassets in Resources */ = {isa = PBXBuildFile; fileRef = 5CDC7A771D24F64800F19BAD /* Assets.xcassets */; };
		5CDC7A7B1D24F64800F19BAD /* LaunchScreen.storyboard in Resources */ = {isa = PBXBuildFile; fileRef = 5CDC7A791D24F64800F19BAD /* LaunchScreen.storyboard */; };
		5CDC7A831D2503C400F19BAD /* SeatView.swift in Sources */ = {isa = PBXBuildFile; fileRef = 5CDC7A821D2503C400F19BAD /* SeatView.swift */; };
		5CDC7A851D2504F200F19BAD /* TapableView.swift in Sources */ = {isa = PBXBuildFile; fileRef = 5CDC7A841D2504F200F19BAD /* TapableView.swift */; };
		5CDC7A891D25149600F19BAD /* CircleView.swift in Sources */ = {isa = PBXBuildFile; fileRef = 5CDC7A881D25149600F19BAD /* CircleView.swift */; };
		5CDCBC8C1D4B403C006960B6 /* moments.mp4 in Resources */ = {isa = PBXBuildFile; fileRef = 5CDCBC8B1D4B403B006960B6 /* moments.mp4 */; };
		5CE518F21D2ABFD100578C41 /* NSString+URL.m in Sources */ = {isa = PBXBuildFile; fileRef = 5CE518F11D2ABFD100578C41 /* NSString+URL.m */; };
		5CED3F031D463E160041BE54 /* LeftMenuTableViewController.swift in Sources */ = {isa = PBXBuildFile; fileRef = 5CED3F021D463E160041BE54 /* LeftMenuTableViewController.swift */; };
/* End PBXBuildFile section */

/* Begin PBXFileReference section */
		55558DDB304A60D73A1E34D5 /* Pods.debug.xcconfig */ = {isa = PBXFileReference; includeInIndex = 1; lastKnownFileType = text.xcconfig; name = Pods.debug.xcconfig; path = "Pods/Target Support Files/Pods/Pods.debug.xcconfig"; sourceTree = "<group>"; };
		5C032B981D295C44003CF613 /* SeatTableViewController.swift */ = {isa = PBXFileReference; fileEncoding = 4; lastKnownFileType = sourcecode.swift; name = SeatTableViewController.swift; path = ../../SeatTableViewController.swift; sourceTree = "<group>"; };
		5C032B9A1D296047003CF613 /* SeatViewCell.swift */ = {isa = PBXFileReference; fileEncoding = 4; lastKnownFileType = sourcecode.swift; name = SeatViewCell.swift; path = ../../../SeatViewCell.swift; sourceTree = "<group>"; };
		5C28F6331D2F59400032E26C /* ToolHelper.swift */ = {isa = PBXFileReference; fileEncoding = 4; lastKnownFileType = sourcecode.swift; path = ToolHelper.swift; sourceTree = "<group>"; };
		5C828BBB1D3E08430037F5B1 /* SignStatusTableViewController.swift */ = {isa = PBXFileReference; fileEncoding = 4; lastKnownFileType = sourcecode.swift; path = SignStatusTableViewController.swift; sourceTree = "<group>"; };
		5C9EEFC61D2A3AB700071C7B /* Definition.swift */ = {isa = PBXFileReference; fileEncoding = 4; lastKnownFileType = sourcecode.swift; path = Definition.swift; sourceTree = "<group>"; };
		5C9EEFCE1D2A481400071C7B /* ApplicationCenter.swift */ = {isa = PBXFileReference; fileEncoding = 4; lastKnownFileType = sourcecode.swift; name = ApplicationCenter.swift; path = BabyGuard/MVC/Model/ApplicationCenter.swift; sourceTree = SOURCE_ROOT; };
		5C9EEFD01D2A4A4400071C7B /* UserInfo.swift */ = {isa = PBXFileReference; fileEncoding = 4; lastKnownFileType = sourcecode.swift; path = UserInfo.swift; sourceTree = "<group>"; };
		5C9EEFD21D2A4ADE00071C7B /* Information.swift */ = {isa = PBXFileReference; fileEncoding = 4; lastKnownFileType = sourcecode.swift; path = Information.swift; sourceTree = "<group>"; };
		5C9EEFD41D2A4D3300071C7B /* RequestCenter.swift */ = {isa = PBXFileReference; fileEncoding = 4; lastKnownFileType = sourcecode.swift; name = RequestCenter.swift; path = BabyGuard/MVC/Model/RequestCenter.swift; sourceTree = SOURCE_ROOT; };
		5C9EEFD61D2A55A200071C7B /* SchoolInfo.swift */ = {isa = PBXFileReference; fileEncoding = 4; lastKnownFileType = sourcecode.swift; path = SchoolInfo.swift; sourceTree = "<group>"; };
		5C9EEFD81D2A59EE00071C7B /* ClassInfo.swift */ = {isa = PBXFileReference; fileEncoding = 4; lastKnownFileType = sourcecode.swift; path = ClassInfo.swift; sourceTree = "<group>"; };
		5CA2571C1D2B4E460093E516 /* DataDirector.swift */ = {isa = PBXFileReference; fileEncoding = 4; lastKnownFileType = sourcecode.swift; name = DataDirector.swift; path = BabyGuard/Common/DataDirector.swift; sourceTree = SOURCE_ROOT; };
		5CA2571E1D2B584A0093E516 /* DataHelper.swift */ = {isa = PBXFileReference; fileEncoding = 4; lastKnownFileType = sourcecode.swift; path = DataHelper.swift; sourceTree = "<group>"; };
		5CA257201D2B5C200093E516 /* LoginViewController.swift */ = {isa = PBXFileReference; fileEncoding = 4; lastKnownFileType = sourcecode.swift; path = LoginViewController.swift; sourceTree = "<group>"; };
		5CA64C3A1D2AAE3800F5CE32 /* AFHTTPRequestOperation.h */ = {isa = PBXFileReference; fileEncoding = 4; lastKnownFileType = sourcecode.c.h; path = AFHTTPRequestOperation.h; sourceTree = "<group>"; };
		5CA64C3B1D2AAE3800F5CE32 /* AFHTTPRequestOperation.m */ = {isa = PBXFileReference; fileEncoding = 4; lastKnownFileType = sourcecode.c.objc; path = AFHTTPRequestOperation.m; sourceTree = "<group>"; };
		5CA64C3C1D2AAE3800F5CE32 /* AFHTTPRequestOperationManager.h */ = {isa = PBXFileReference; fileEncoding = 4; lastKnownFileType = sourcecode.c.h; path = AFHTTPRequestOperationManager.h; sourceTree = "<group>"; };
		5CA64C3D1D2AAE3800F5CE32 /* AFHTTPRequestOperationManager.m */ = {isa = PBXFileReference; fileEncoding = 4; lastKnownFileType = sourcecode.c.objc; path = AFHTTPRequestOperationManager.m; sourceTree = "<group>"; };
		5CA64C3E1D2AAE3800F5CE32 /* AFHTTPSessionManager.h */ = {isa = PBXFileReference; fileEncoding = 4; lastKnownFileType = sourcecode.c.h; path = AFHTTPSessionManager.h; sourceTree = "<group>"; };
		5CA64C3F1D2AAE3800F5CE32 /* AFHTTPSessionManager.m */ = {isa = PBXFileReference; fileEncoding = 4; lastKnownFileType = sourcecode.c.objc; path = AFHTTPSessionManager.m; sourceTree = "<group>"; };
		5CA64C401D2AAE3800F5CE32 /* AFNetworking.h */ = {isa = PBXFileReference; fileEncoding = 4; lastKnownFileType = sourcecode.c.h; path = AFNetworking.h; sourceTree = "<group>"; };
		5CA64C411D2AAE3800F5CE32 /* AFNetworkReachabilityManager.h */ = {isa = PBXFileReference; fileEncoding = 4; lastKnownFileType = sourcecode.c.h; path = AFNetworkReachabilityManager.h; sourceTree = "<group>"; };
		5CA64C421D2AAE3800F5CE32 /* AFNetworkReachabilityManager.m */ = {isa = PBXFileReference; fileEncoding = 4; lastKnownFileType = sourcecode.c.objc; path = AFNetworkReachabilityManager.m; sourceTree = "<group>"; };
		5CA64C431D2AAE3800F5CE32 /* AFSecurityPolicy.h */ = {isa = PBXFileReference; fileEncoding = 4; lastKnownFileType = sourcecode.c.h; path = AFSecurityPolicy.h; sourceTree = "<group>"; };
		5CA64C441D2AAE3800F5CE32 /* AFSecurityPolicy.m */ = {isa = PBXFileReference; fileEncoding = 4; lastKnownFileType = sourcecode.c.objc; path = AFSecurityPolicy.m; sourceTree = "<group>"; };
		5CA64C451D2AAE3800F5CE32 /* AFURLConnectionOperation.h */ = {isa = PBXFileReference; fileEncoding = 4; lastKnownFileType = sourcecode.c.h; path = AFURLConnectionOperation.h; sourceTree = "<group>"; };
		5CA64C461D2AAE3800F5CE32 /* AFURLConnectionOperation.m */ = {isa = PBXFileReference; fileEncoding = 4; lastKnownFileType = sourcecode.c.objc; path = AFURLConnectionOperation.m; sourceTree = "<group>"; };
		5CA64C471D2AAE3800F5CE32 /* AFURLRequestSerialization.h */ = {isa = PBXFileReference; fileEncoding = 4; lastKnownFileType = sourcecode.c.h; path = AFURLRequestSerialization.h; sourceTree = "<group>"; };
		5CA64C481D2AAE3800F5CE32 /* AFURLRequestSerialization.m */ = {isa = PBXFileReference; fileEncoding = 4; lastKnownFileType = sourcecode.c.objc; path = AFURLRequestSerialization.m; sourceTree = "<group>"; };
		5CA64C491D2AAE3800F5CE32 /* AFURLResponseSerialization.h */ = {isa = PBXFileReference; fileEncoding = 4; lastKnownFileType = sourcecode.c.h; path = AFURLResponseSerialization.h; sourceTree = "<group>"; };
		5CA64C4A1D2AAE3800F5CE32 /* AFURLResponseSerialization.m */ = {isa = PBXFileReference; fileEncoding = 4; lastKnownFileType = sourcecode.c.objc; path = AFURLResponseSerialization.m; sourceTree = "<group>"; };
		5CA64C4B1D2AAE3800F5CE32 /* AFURLSessionManager.h */ = {isa = PBXFileReference; fileEncoding = 4; lastKnownFileType = sourcecode.c.h; path = AFURLSessionManager.h; sourceTree = "<group>"; };
		5CA64C4C1D2AAE3800F5CE32 /* AFURLSessionManager.m */ = {isa = PBXFileReference; fileEncoding = 4; lastKnownFileType = sourcecode.c.objc; path = AFURLSessionManager.m; sourceTree = "<group>"; };
		5CA64CE41D2ABDDC00F5CE32 /* BabyGuard-Bridging-Header.h */ = {isa = PBXFileReference; fileEncoding = 4; lastKnownFileType = sourcecode.c.h; name = "BabyGuard-Bridging-Header.h"; path = "Common/BabyGuard-Bridging-Header.h"; sourceTree = "<group>"; };
		5CAA86861D4A11D9004A60C1 /* TabBarViewController.swift */ = {isa = PBXFileReference; fileEncoding = 4; lastKnownFileType = sourcecode.swift; path = TabBarViewController.swift; sourceTree = "<group>"; };
		5CAA9D2B1D3CCE04006F91EC /* AlertHelper.swift */ = {isa = PBXFileReference; fileEncoding = 4; lastKnownFileType = sourcecode.swift; path = AlertHelper.swift; sourceTree = "<group>"; };
		5CAE45951D3536D300D541B2 /* TopDisAnimator.swift */ = {isa = PBXFileReference; fileEncoding = 4; lastKnownFileType = sourcecode.swift; path = TopDisAnimator.swift; sourceTree = "<group>"; };
		5CB34CC51D2E3E6200F39150 /* SeatInfo.swift */ = {isa = PBXFileReference; fileEncoding = 4; lastKnownFileType = sourcecode.swift; path = SeatInfo.swift; sourceTree = "<group>"; };
		5CB75FBA1D37275F007B0A71 /* CVAuxiliaryView.swift */ = {isa = PBXFileReference; fileEncoding = 4; lastKnownFileType = sourcecode.swift; path = CVAuxiliaryView.swift; sourceTree = "<group>"; };
		5CB75FBB1D37275F007B0A71 /* CVCalendarContentViewController.swift */ = {isa = PBXFileReference; fileEncoding = 4; lastKnownFileType = sourcecode.swift; path = CVCalendarContentViewController.swift; sourceTree = "<group>"; };
		5CB75FBC1D37275F007B0A71 /* CVCalendarDayView.swift */ = {isa = PBXFileReference; fileEncoding = 4; lastKnownFileType = sourcecode.swift; path = CVCalendarDayView.swift; sourceTree = "<group>"; };
		5CB75FBD1D37275F007B0A71 /* CVCalendarDayViewControlCoordinator.swift */ = {isa = PBXFileReference; fileEncoding = 4; lastKnownFileType = sourcecode.swift; path = CVCalendarDayViewControlCoordinator.swift; sourceTree = "<group>"; };
		5CB75FBE1D37275F007B0A71 /* CVCalendarManager.swift */ = {isa = PBXFileReference; fileEncoding = 4; lastKnownFileType = sourcecode.swift; path = CVCalendarManager.swift; sourceTree = "<group>"; };
		5CB75FBF1D37275F007B0A71 /* CVCalendarMenuView.swift */ = {isa = PBXFileReference; fileEncoding = 4; lastKnownFileType = sourcecode.swift; path = CVCalendarMenuView.swift; sourceTree = "<group>"; };
		5CB75FC01D37275F007B0A71 /* CVCalendarMenuViewDelegate.swift */ = {isa = PBXFileReference; fileEncoding = 4; lastKnownFileType = sourcecode.swift; path = CVCalendarMenuViewDelegate.swift; sourceTree = "<group>"; };
		5CB75FC11D37275F007B0A71 /* CVCalendarMonthContentViewController.swift */ = {isa = PBXFileReference; fileEncoding = 4; lastKnownFileType = sourcecode.swift; path = CVCalendarMonthContentViewController.swift; sourceTree = "<group>"; };
		5CB75FC21D37275F007B0A71 /* CVCalendarMonthView.swift */ = {isa = PBXFileReference; fileEncoding = 4; lastKnownFileType = sourcecode.swift; path = CVCalendarMonthView.swift; sourceTree = "<group>"; };
		5CB75FC31D37275F007B0A71 /* CVCalendarTouchController.swift */ = {isa = PBXFileReference; fileEncoding = 4; lastKnownFileType = sourcecode.swift; path = CVCalendarTouchController.swift; sourceTree = "<group>"; };
		5CB75FC41D37275F007B0A71 /* CVCalendarView.swift */ = {isa = PBXFileReference; fileEncoding = 4; lastKnownFileType = sourcecode.swift; path = CVCalendarView.swift; sourceTree = "<group>"; };
		5CB75FC51D37275F007B0A71 /* CVCalendarViewAnimator.swift */ = {isa = PBXFileReference; fileEncoding = 4; lastKnownFileType = sourcecode.swift; path = CVCalendarViewAnimator.swift; sourceTree = "<group>"; };
		5CB75FC61D37275F007B0A71 /* CVCalendarViewAnimatorDelegate.swift */ = {isa = PBXFileReference; fileEncoding = 4; lastKnownFileType = sourcecode.swift; path = CVCalendarViewAnimatorDelegate.swift; sourceTree = "<group>"; };
		5CB75FC71D37275F007B0A71 /* CVCalendarViewAppearance.swift */ = {isa = PBXFileReference; fileEncoding = 4; lastKnownFileType = sourcecode.swift; path = CVCalendarViewAppearance.swift; sourceTree = "<group>"; };
		5CB75FC81D37275F007B0A71 /* CVCalendarViewAppearanceDelegate.swift */ = {isa = PBXFileReference; fileEncoding = 4; lastKnownFileType = sourcecode.swift; path = CVCalendarViewAppearanceDelegate.swift; sourceTree = "<group>"; };
		5CB75FC91D37275F007B0A71 /* CVCalendarViewDelegate.swift */ = {isa = PBXFileReference; fileEncoding = 4; lastKnownFileType = sourcecode.swift; path = CVCalendarViewDelegate.swift; sourceTree = "<group>"; };
		5CB75FCA1D37275F007B0A71 /* CVCalendarViewPresentationMode.swift */ = {isa = PBXFileReference; fileEncoding = 4; lastKnownFileType = sourcecode.swift; path = CVCalendarViewPresentationMode.swift; sourceTree = "<group>"; };
		5CB75FCB1D37275F007B0A71 /* CVCalendarWeekContentViewController.swift */ = {isa = PBXFileReference; fileEncoding = 4; lastKnownFileType = sourcecode.swift; path = CVCalendarWeekContentViewController.swift; sourceTree = "<group>"; };
		5CB75FCC1D37275F007B0A71 /* CVCalendarWeekday.swift */ = {isa = PBXFileReference; fileEncoding = 4; lastKnownFileType = sourcecode.swift; path = CVCalendarWeekday.swift; sourceTree = "<group>"; };
		5CB75FCD1D37275F007B0A71 /* CVCalendarWeekView.swift */ = {isa = PBXFileReference; fileEncoding = 4; lastKnownFileType = sourcecode.swift; path = CVCalendarWeekView.swift; sourceTree = "<group>"; };
		5CB75FCE1D37275F007B0A71 /* CVDate.swift */ = {isa = PBXFileReference; fileEncoding = 4; lastKnownFileType = sourcecode.swift; path = CVDate.swift; sourceTree = "<group>"; };
		5CB75FCF1D37275F007B0A71 /* CVRange.swift */ = {isa = PBXFileReference; fileEncoding = 4; lastKnownFileType = sourcecode.swift; path = CVRange.swift; sourceTree = "<group>"; };
		5CB75FD01D37275F007B0A71 /* CVScrollDirection.swift */ = {isa = PBXFileReference; fileEncoding = 4; lastKnownFileType = sourcecode.swift; path = CVScrollDirection.swift; sourceTree = "<group>"; };
		5CB75FD11D37275F007B0A71 /* CVSelectionType.swift */ = {isa = PBXFileReference; fileEncoding = 4; lastKnownFileType = sourcecode.swift; path = CVSelectionType.swift; sourceTree = "<group>"; };
		5CB75FD21D37275F007B0A71 /* CVSet.swift */ = {isa = PBXFileReference; fileEncoding = 4; lastKnownFileType = sourcecode.swift; path = CVSet.swift; sourceTree = "<group>"; };
		5CB75FD31D37275F007B0A71 /* CVShape.swift */ = {isa = PBXFileReference; fileEncoding = 4; lastKnownFileType = sourcecode.swift; path = CVShape.swift; sourceTree = "<group>"; };
		5CB75FD41D37275F007B0A71 /* CVWeekdaySymbolType.swift */ = {isa = PBXFileReference; fileEncoding = 4; lastKnownFileType = sourcecode.swift; path = CVWeekdaySymbolType.swift; sourceTree = "<group>"; };
		5CB887601D2C97C900F00AED /* ListViewController.swift */ = {isa = PBXFileReference; fileEncoding = 4; lastKnownFileType = sourcecode.swift; path = ListViewController.swift; sourceTree = "<group>"; };
		5CB887621D2CDE8100F00AED /* ClassView.swift */ = {isa = PBXFileReference; fileEncoding = 4; lastKnownFileType = sourcecode.swift; path = ClassView.swift; sourceTree = "<group>"; };
		5CB8876D1D2CE7C500F00AED /* ClassViewCell.swift */ = {isa = PBXFileReference; fileEncoding = 4; lastKnownFileType = sourcecode.swift; path = ClassViewCell.swift; sourceTree = "<group>"; };
		5CBA04C51D34865100ADFCF8 /* XKeychainHelper.h */ = {isa = PBXFileReference; fileEncoding = 4; lastKnownFileType = sourcecode.c.h; path = XKeychainHelper.h; sourceTree = "<group>"; };
		5CBA04C61D34865100ADFCF8 /* XKeychainHelper.m */ = {isa = PBXFileReference; fileEncoding = 4; lastKnownFileType = sourcecode.c.objc; path = XKeychainHelper.m; sourceTree = "<group>"; };
		5CBA04C81D34DD8000ADFCF8 /* CalendarViewController.swift */ = {isa = PBXFileReference; fileEncoding = 4; lastKnownFileType = sourcecode.swift; path = CalendarViewController.swift; sourceTree = "<group>"; };
		5CBA04D01D34E8A700ADFCF8 /* TopAnimator.swift */ = {isa = PBXFileReference; fileEncoding = 4; lastKnownFileType = sourcecode.swift; path = TopAnimator.swift; sourceTree = "<group>"; };
		5CBB1D721D4907B1007B56C0 /* Menu.storyboard */ = {isa = PBXFileReference; fileEncoding = 4; lastKnownFileType = file.storyboard; path = Menu.storyboard; sourceTree = "<group>"; };
		5CCBA8A41D29E87D002FD76B /* XDeviceHelper.swift */ = {isa = PBXFileReference; fileEncoding = 4; lastKnownFileType = sourcecode.swift; name = XDeviceHelper.swift; path = ../XDeviceHelper.swift; sourceTree = "<group>"; };
		5CCC4C251D2B97C400C162EF /* XConnectionHelper.h */ = {isa = PBXFileReference; fileEncoding = 4; lastKnownFileType = sourcecode.c.h; path = XConnectionHelper.h; sourceTree = "<group>"; };
		5CCC4C261D2B97C400C162EF /* XConnectionHelper.m */ = {isa = PBXFileReference; fileEncoding = 4; lastKnownFileType = sourcecode.c.objc; path = XConnectionHelper.m; sourceTree = "<group>"; };
		5CCD7DB51D47119500E6079F /* SlideMenuAnimatedTransition.swift */ = {isa = PBXFileReference; fileEncoding = 4; lastKnownFileType = sourcecode.swift; name = SlideMenuAnimatedTransition.swift; path = BabyGuard/MVC/Controller/SlideMenuAnimatedTransition.swift; sourceTree = SOURCE_ROOT; };
		5CCD7DBF1D47291600E6079F /* SlideMenu.h */ = {isa = PBXFileReference; fileEncoding = 4; lastKnownFileType = sourcecode.c.h; name = SlideMenu.h; path = BabyGuard/MVC/Controller/SlideMenu.h; sourceTree = SOURCE_ROOT; };
		5CCD7DC01D474B5300E6079F /* RightMenuTableViewController.swift */ = {isa = PBXFileReference; fileEncoding = 4; lastKnownFileType = sourcecode.swift; path = RightMenuTableViewController.swift; sourceTree = "<group>"; };
		5CDC7A6A1D24F64800F19BAD /* BabyGuard.app */ = {isa = PBXFileReference; explicitFileType = wrapper.application; includeInIndex = 0; path = BabyGuard.app; sourceTree = BUILT_PRODUCTS_DIR; };
		5CDC7A6D1D24F64800F19BAD /* AppDelegate.swift */ = {isa = PBXFileReference; lastKnownFileType = sourcecode.swift; path = AppDelegate.swift; sourceTree = "<group>"; };
		5CDC7A6F1D24F64800F19BAD /* ViewController.swift */ = {isa = PBXFileReference; lastKnownFileType = sourcecode.swift; path = ViewController.swift; sourceTree = "<group>"; };
		5CDC7A721D24F64800F19BAD /* Base */ = {isa = PBXFileReference; lastKnownFileType = file.storyboard; name = Base; path = Base.lproj/Main.storyboard; sourceTree = "<group>"; };
		5CDC7A751D24F64800F19BAD /* BabyGuard.xcdatamodel */ = {isa = PBXFileReference; lastKnownFileType = wrapper.xcdatamodel; path = BabyGuard.xcdatamodel; sourceTree = "<group>"; };
		5CDC7A771D24F64800F19BAD /* Assets.xcassets */ = {isa = PBXFileReference; lastKnownFileType = folder.assetcatalog; path = Assets.xcassets; sourceTree = "<group>"; };
		5CDC7A7A1D24F64800F19BAD /* Base */ = {isa = PBXFileReference; lastKnownFileType = file.storyboard; name = Base; path = Base.lproj/LaunchScreen.storyboard; sourceTree = "<group>"; };
		5CDC7A7C1D24F64800F19BAD /* Info.plist */ = {isa = PBXFileReference; lastKnownFileType = text.plist.xml; path = Info.plist; sourceTree = "<group>"; };
		5CDC7A821D2503C400F19BAD /* SeatView.swift */ = {isa = PBXFileReference; fileEncoding = 4; lastKnownFileType = sourcecode.swift; name = SeatView.swift; path = ../../SeatView.swift; sourceTree = "<group>"; };
		5CDC7A841D2504F200F19BAD /* TapableView.swift */ = {isa = PBXFileReference; fileEncoding = 4; lastKnownFileType = sourcecode.swift; name = TapableView.swift; path = ../../TapableView.swift; sourceTree = "<group>"; };
		5CDC7A881D25149600F19BAD /* CircleView.swift */ = {isa = PBXFileReference; fileEncoding = 4; lastKnownFileType = sourcecode.swift; name = CircleView.swift; path = ../../CircleView.swift; sourceTree = "<group>"; };
		5CDCBC8B1D4B403B006960B6 /* moments.mp4 */ = {isa = PBXFileReference; lastKnownFileType = file; path = moments.mp4; sourceTree = "<group>"; };
		5CE518F01D2ABFD100578C41 /* NSString+URL.h */ = {isa = PBXFileReference; fileEncoding = 4; lastKnownFileType = sourcecode.c.h; path = "NSString+URL.h"; sourceTree = "<group>"; };
		5CE518F11D2ABFD100578C41 /* NSString+URL.m */ = {isa = PBXFileReference; fileEncoding = 4; lastKnownFileType = sourcecode.c.objc; path = "NSString+URL.m"; sourceTree = "<group>"; };
		5CED3F021D463E160041BE54 /* LeftMenuTableViewController.swift */ = {isa = PBXFileReference; fileEncoding = 4; lastKnownFileType = sourcecode.swift; path = LeftMenuTableViewController.swift; sourceTree = "<group>"; };
		854B0F0F95BEFFD98125EAC0 /* Pods.release.xcconfig */ = {isa = PBXFileReference; includeInIndex = 1; lastKnownFileType = text.xcconfig; name = Pods.release.xcconfig; path = "Pods/Target Support Files/Pods/Pods.release.xcconfig"; sourceTree = "<group>"; };
		CAA4D38A2F87304612815D9D /* libPods.a */ = {isa = PBXFileReference; explicitFileType = archive.ar; includeInIndex = 0; path = libPods.a; sourceTree = BUILT_PRODUCTS_DIR; };
/* End PBXFileReference section */

/* Begin PBXFrameworksBuildPhase section */
		5CDC7A671D24F64700F19BAD /* Frameworks */ = {
			isa = PBXFrameworksBuildPhase;
			buildActionMask = 2147483647;
			files = (
				23D4D86C9561712C7B129A9A /* libPods.a in Frameworks */,
			);
			runOnlyForDeploymentPostprocessing = 0;
		};
/* End PBXFrameworksBuildPhase section */

/* Begin PBXGroup section */
		5C9EEF931D2A36EE00071C7B /* Common */ = {
			isa = PBXGroup;
			children = (
				5C9EEFCE1D2A481400071C7B /* ApplicationCenter.swift */,
				5C9EEFD41D2A4D3300071C7B /* RequestCenter.swift */,
				5CA2571C1D2B4E460093E516 /* DataDirector.swift */,
				5CCD7DB51D47119500E6079F /* SlideMenuAnimatedTransition.swift */,
				5CCD7DBF1D47291600E6079F /* SlideMenu.h */,
			);
			name = Common;
			path = hjhkk;
			sourceTree = "<group>";
		};
		5C9EEFC01D2A396000071C7B /* Helper */ = {
			isa = PBXGroup;
			children = (
				5CBA04C51D34865100ADFCF8 /* XKeychainHelper.h */,
				5CBA04C61D34865100ADFCF8 /* XKeychainHelper.m */,
				5CCBA8A41D29E87D002FD76B /* XDeviceHelper.swift */,
				5CCC4C251D2B97C400C162EF /* XConnectionHelper.h */,
				5CCC4C261D2B97C400C162EF /* XConnectionHelper.m */,
				5CE518F01D2ABFD100578C41 /* NSString+URL.h */,
				5CE518F11D2ABFD100578C41 /* NSString+URL.m */,
				5CA2571E1D2B584A0093E516 /* DataHelper.swift */,
				5C28F6331D2F59400032E26C /* ToolHelper.swift */,
				5CBA04D01D34E8A700ADFCF8 /* TopAnimator.swift */,
				5CAE45951D3536D300D541B2 /* TopDisAnimator.swift */,
				5CAA9D2B1D3CCE04006F91EC /* AlertHelper.swift */,
			);
			path = Helper;
			sourceTree = "<group>";
		};
		5C9EEFC11D2A399700071C7B /* MVC */ = {
			isa = PBXGroup;
			children = (
				5C9EEFC21D2A39DB00071C7B /* Controller */,
				5C9EEFC31D2A39DB00071C7B /* Model */,
				5C9EEFC41D2A39DB00071C7B /* View */,
			);
			path = MVC;
			sourceTree = "<group>";
		};
		5C9EEFC21D2A39DB00071C7B /* Controller */ = {
			isa = PBXGroup;
			children = (
				5CA257201D2B5C200093E516 /* LoginViewController.swift */,
				5CB887601D2C97C900F00AED /* ListViewController.swift */,
				5C032B981D295C44003CF613 /* SeatTableViewController.swift */,
				5CBA04C81D34DD8000ADFCF8 /* CalendarViewController.swift */,
				5C828BBB1D3E08430037F5B1 /* SignStatusTableViewController.swift */,
				5CED3F021D463E160041BE54 /* LeftMenuTableViewController.swift */,
				5CCD7DC01D474B5300E6079F /* RightMenuTableViewController.swift */,
				5CAA86861D4A11D9004A60C1 /* TabBarViewController.swift */,
			);
			path = Controller;
			sourceTree = "<group>";
		};
		5C9EEFC31D2A39DB00071C7B /* Model */ = {
			isa = PBXGroup;
			children = (
				5C9EEFD01D2A4A4400071C7B /* UserInfo.swift */,
				5C9EEFD21D2A4ADE00071C7B /* Information.swift */,
				5C9EEFD61D2A55A200071C7B /* SchoolInfo.swift */,
				5C9EEFD81D2A59EE00071C7B /* ClassInfo.swift */,
				5CB34CC51D2E3E6200F39150 /* SeatInfo.swift */,
			);
			path = Model;
			sourceTree = "<group>";
		};
		5C9EEFC41D2A39DB00071C7B /* View */ = {
			isa = PBXGroup;
			children = (
				5CB887641D2CDF1400F00AED /* Cell */,
				5CB887621D2CDE8100F00AED /* ClassView.swift */,
				5CDC7A821D2503C400F19BAD /* SeatView.swift */,
				5CDC7A841D2504F200F19BAD /* TapableView.swift */,
				5CDC7A881D25149600F19BAD /* CircleView.swift */,
			);
			path = View;
			sourceTree = "<group>";
		};
		5C9EEFCD1D2A3CC800071C7B /* Resources */ = {
			isa = PBXGroup;
			children = (
			);
			name = Resources;
			path = BabyGuard/Helper/Resources;
			sourceTree = "<group>";
		};
		5CA64C391D2AAE3800F5CE32 /* AFNetworking */ = {
			isa = PBXGroup;
			children = (
				5CA64C3A1D2AAE3800F5CE32 /* AFHTTPRequestOperation.h */,
				5CA64C3B1D2AAE3800F5CE32 /* AFHTTPRequestOperation.m */,
				5CA64C3C1D2AAE3800F5CE32 /* AFHTTPRequestOperationManager.h */,
				5CA64C3D1D2AAE3800F5CE32 /* AFHTTPRequestOperationManager.m */,
				5CA64C3E1D2AAE3800F5CE32 /* AFHTTPSessionManager.h */,
				5CA64C3F1D2AAE3800F5CE32 /* AFHTTPSessionManager.m */,
				5CA64C401D2AAE3800F5CE32 /* AFNetworking.h */,
				5CA64C411D2AAE3800F5CE32 /* AFNetworkReachabilityManager.h */,
				5CA64C421D2AAE3800F5CE32 /* AFNetworkReachabilityManager.m */,
				5CA64C431D2AAE3800F5CE32 /* AFSecurityPolicy.h */,
				5CA64C441D2AAE3800F5CE32 /* AFSecurityPolicy.m */,
				5CA64C451D2AAE3800F5CE32 /* AFURLConnectionOperation.h */,
				5CA64C461D2AAE3800F5CE32 /* AFURLConnectionOperation.m */,
				5CA64C471D2AAE3800F5CE32 /* AFURLRequestSerialization.h */,
				5CA64C481D2AAE3800F5CE32 /* AFURLRequestSerialization.m */,
				5CA64C491D2AAE3800F5CE32 /* AFURLResponseSerialization.h */,
				5CA64C4A1D2AAE3800F5CE32 /* AFURLResponseSerialization.m */,
				5CA64C4B1D2AAE3800F5CE32 /* AFURLSessionManager.h */,
				5CA64C4C1D2AAE3800F5CE32 /* AFURLSessionManager.m */,
			);
			name = AFNetworking;
			path = BabyGuard/AFNetworking;
			sourceTree = "<group>";
		};
		5CB75FB91D37275F007B0A71 /* CVCalendar */ = {
			isa = PBXGroup;
			children = (
				5CB75FBA1D37275F007B0A71 /* CVAuxiliaryView.swift */,
				5CB75FBB1D37275F007B0A71 /* CVCalendarContentViewController.swift */,
				5CB75FBC1D37275F007B0A71 /* CVCalendarDayView.swift */,
				5CB75FBD1D37275F007B0A71 /* CVCalendarDayViewControlCoordinator.swift */,
				5CB75FBE1D37275F007B0A71 /* CVCalendarManager.swift */,
				5CB75FBF1D37275F007B0A71 /* CVCalendarMenuView.swift */,
				5CB75FC01D37275F007B0A71 /* CVCalendarMenuViewDelegate.swift */,
				5CB75FC11D37275F007B0A71 /* CVCalendarMonthContentViewController.swift */,
				5CB75FC21D37275F007B0A71 /* CVCalendarMonthView.swift */,
				5CB75FC31D37275F007B0A71 /* CVCalendarTouchController.swift */,
				5CB75FC41D37275F007B0A71 /* CVCalendarView.swift */,
				5CB75FC51D37275F007B0A71 /* CVCalendarViewAnimator.swift */,
				5CB75FC61D37275F007B0A71 /* CVCalendarViewAnimatorDelegate.swift */,
				5CB75FC71D37275F007B0A71 /* CVCalendarViewAppearance.swift */,
				5CB75FC81D37275F007B0A71 /* CVCalendarViewAppearanceDelegate.swift */,
				5CB75FC91D37275F007B0A71 /* CVCalendarViewDelegate.swift */,
				5CB75FCA1D37275F007B0A71 /* CVCalendarViewPresentationMode.swift */,
				5CB75FCB1D37275F007B0A71 /* CVCalendarWeekContentViewController.swift */,
				5CB75FCC1D37275F007B0A71 /* CVCalendarWeekday.swift */,
				5CB75FCD1D37275F007B0A71 /* CVCalendarWeekView.swift */,
				5CB75FCE1D37275F007B0A71 /* CVDate.swift */,
				5CB75FCF1D37275F007B0A71 /* CVRange.swift */,
				5CB75FD01D37275F007B0A71 /* CVScrollDirection.swift */,
				5CB75FD11D37275F007B0A71 /* CVSelectionType.swift */,
				5CB75FD21D37275F007B0A71 /* CVSet.swift */,
				5CB75FD31D37275F007B0A71 /* CVShape.swift */,
				5CB75FD41D37275F007B0A71 /* CVWeekdaySymbolType.swift */,
			);
			path = CVCalendar;
			sourceTree = "<group>";
		};
		5CB887641D2CDF1400F00AED /* Cell */ = {
			isa = PBXGroup;
			children = (
				5C032B9A1D296047003CF613 /* SeatViewCell.swift */,
				5CB8876D1D2CE7C500F00AED /* ClassViewCell.swift */,
			);
			path = Cell;
			sourceTree = "<group>";
		};
		5CDC7A611D24F64700F19BAD = {
			isa = PBXGroup;
			children = (
				5CDCBC8B1D4B403B006960B6 /* moments.mp4 */,
				5CB75FB91D37275F007B0A71 /* CVCalendar */,
				5CA64C391D2AAE3800F5CE32 /* AFNetworking */,
				5C9EEFCD1D2A3CC800071C7B /* Resources */,
				5CDC7A6C1D24F64800F19BAD /* BabyGuard */,
				5CDC7A6B1D24F64800F19BAD /* Products */,
				E4FED31C8DD4D8065DFBC03F /* Pods */,
				F005D8A1569AEED262F4271E /* Frameworks */,
			);
			sourceTree = "<group>";
		};
		5CDC7A6B1D24F64800F19BAD /* Products */ = {
			isa = PBXGroup;
			children = (
				5CDC7A6A1D24F64800F19BAD /* BabyGuard.app */,
			);
			name = Products;
			sourceTree = "<group>";
		};
		5CDC7A6C1D24F64800F19BAD /* BabyGuard */ = {
			isa = PBXGroup;
			children = (
				5C9EEFC11D2A399700071C7B /* MVC */,
				5C9EEFC01D2A396000071C7B /* Helper */,
				5C9EEF931D2A36EE00071C7B /* Common */,
				5CDC7A6D1D24F64800F19BAD /* AppDelegate.swift */,
				5CDC7A6F1D24F64800F19BAD /* ViewController.swift */,
				5CDC7A711D24F64800F19BAD /* Main.storyboard */,
				5CBB1D721D4907B1007B56C0 /* Menu.storyboard */,
				5CDC7A771D24F64800F19BAD /* Assets.xcassets */,
				5CDC7A791D24F64800F19BAD /* LaunchScreen.storyboard */,
				5CDC7A7C1D24F64800F19BAD /* Info.plist */,
				5CDC7A741D24F64800F19BAD /* BabyGuard.xcdatamodeld */,
				5C9EEFC61D2A3AB700071C7B /* Definition.swift */,
				5CA64CE41D2ABDDC00F5CE32 /* BabyGuard-Bridging-Header.h */,
			);
			path = BabyGuard;
			sourceTree = "<group>";
		};
		E4FED31C8DD4D8065DFBC03F /* Pods */ = {
			isa = PBXGroup;
			children = (
				55558DDB304A60D73A1E34D5 /* Pods.debug.xcconfig */,
				854B0F0F95BEFFD98125EAC0 /* Pods.release.xcconfig */,
			);
			name = Pods;
			sourceTree = "<group>";
		};
		F005D8A1569AEED262F4271E /* Frameworks */ = {
			isa = PBXGroup;
			children = (
				CAA4D38A2F87304612815D9D /* libPods.a */,
			);
			name = Frameworks;
			sourceTree = "<group>";
		};
/* End PBXGroup section */

/* Begin PBXNativeTarget section */
		5CDC7A691D24F64700F19BAD /* BabyGuard */ = {
			isa = PBXNativeTarget;
			buildConfigurationList = 5CDC7A7F1D24F64800F19BAD /* Build configuration list for PBXNativeTarget "BabyGuard" */;
			buildPhases = (
				B247B7D48816A3776361E5E8 /* Check Pods Manifest.lock */,
				5CDC7A661D24F64700F19BAD /* Sources */,
				5CDC7A671D24F64700F19BAD /* Frameworks */,
				5CDC7A681D24F64700F19BAD /* Resources */,
				9E6290B085C57DDD4662502C /* Embed Pods Frameworks */,
				3A0194B2280F3F927CAA55AF /* Copy Pods Resources */,
			);
			buildRules = (
			);
			dependencies = (
			);
			name = BabyGuard;
			productName = BabyGuard;
			productReference = 5CDC7A6A1D24F64800F19BAD /* BabyGuard.app */;
			productType = "com.apple.product-type.application";
		};
/* End PBXNativeTarget section */

/* Begin PBXProject section */
		5CDC7A621D24F64700F19BAD /* Project object */ = {
			isa = PBXProject;
			attributes = {
				LastSwiftUpdateCheck = 0730;
				LastUpgradeCheck = 0730;
				ORGANIZATIONNAME = csh;
				TargetAttributes = {
					5CDC7A691D24F64700F19BAD = {
						CreatedOnToolsVersion = 7.3.1;
						DevelopmentTeam = K33QTW76SK;
					};
				};
			};
			buildConfigurationList = 5CDC7A651D24F64700F19BAD /* Build configuration list for PBXProject "BabyGuard" */;
			compatibilityVersion = "Xcode 3.2";
			developmentRegion = English;
			hasScannedForEncodings = 0;
			knownRegions = (
				en,
				Base,
			);
			mainGroup = 5CDC7A611D24F64700F19BAD;
			productRefGroup = 5CDC7A6B1D24F64800F19BAD /* Products */;
			projectDirPath = "";
			projectRoot = "";
			targets = (
				5CDC7A691D24F64700F19BAD /* BabyGuard */,
			);
		};
/* End PBXProject section */

/* Begin PBXResourcesBuildPhase section */
		5CDC7A681D24F64700F19BAD /* Resources */ = {
			isa = PBXResourcesBuildPhase;
			buildActionMask = 2147483647;
			files = (
				5CDC7A7B1D24F64800F19BAD /* LaunchScreen.storyboard in Resources */,
				5CDC7A781D24F64800F19BAD /* Assets.xcassets in Resources */,
				5CDC7A731D24F64800F19BAD /* Main.storyboard in Resources */,
				5CBB1D731D4907B1007B56C0 /* Menu.storyboard in Resources */,
				5CDCBC8C1D4B403C006960B6 /* moments.mp4 in Resources */,
			);
			runOnlyForDeploymentPostprocessing = 0;
		};
/* End PBXResourcesBuildPhase section */

/* Begin PBXShellScriptBuildPhase section */
		3A0194B2280F3F927CAA55AF /* Copy Pods Resources */ = {
			isa = PBXShellScriptBuildPhase;
			buildActionMask = 2147483647;
			files = (
			);
			inputPaths = (
			);
			name = "Copy Pods Resources";
			outputPaths = (
			);
			runOnlyForDeploymentPostprocessing = 0;
			shellPath = /bin/sh;
			shellScript = "\"${SRCROOT}/Pods/Target Support Files/Pods/Pods-resources.sh\"\n";
			showEnvVarsInLog = 0;
		};
		9E6290B085C57DDD4662502C /* Embed Pods Frameworks */ = {
			isa = PBXShellScriptBuildPhase;
			buildActionMask = 2147483647;
			files = (
			);
			inputPaths = (
			);
			name = "Embed Pods Frameworks";
			outputPaths = (
			);
			runOnlyForDeploymentPostprocessing = 0;
			shellPath = /bin/sh;
			shellScript = "\"${SRCROOT}/Pods/Target Support Files/Pods/Pods-frameworks.sh\"\n";
			showEnvVarsInLog = 0;
		};
		B247B7D48816A3776361E5E8 /* Check Pods Manifest.lock */ = {
			isa = PBXShellScriptBuildPhase;
			buildActionMask = 2147483647;
			files = (
			);
			inputPaths = (
			);
			name = "Check Pods Manifest.lock";
			outputPaths = (
			);
			runOnlyForDeploymentPostprocessing = 0;
			shellPath = /bin/sh;
			shellScript = "diff \"${PODS_ROOT}/../Podfile.lock\" \"${PODS_ROOT}/Manifest.lock\" > /dev/null\nif [[ $? != 0 ]] ; then\n    cat << EOM\nerror: The sandbox is not in sync with the Podfile.lock. Run 'pod install' or update your CocoaPods installation.\nEOM\n    exit 1\nfi\n";
			showEnvVarsInLog = 0;
		};
/* End PBXShellScriptBuildPhase section */

/* Begin PBXSourcesBuildPhase section */
		5CDC7A661D24F64700F19BAD /* Sources */ = {
			isa = PBXSourcesBuildPhase;
			buildActionMask = 2147483647;
			files = (
				5CA64C551D2AAE3800F5CE32 /* AFURLSessionManager.m in Sources */,
				5CAE45961D3536D300D541B2 /* TopDisAnimator.swift in Sources */,
				5CB75FEA1D37275F007B0A71 /* CVRange.swift in Sources */,
				5CA64C521D2AAE3800F5CE32 /* AFURLConnectionOperation.m in Sources */,
				5CB887611D2C97C900F00AED /* ListViewController.swift in Sources */,
				5CB75FE31D37275F007B0A71 /* CVCalendarViewAppearanceDelegate.swift in Sources */,
				5CB75FDA1D37275F007B0A71 /* CVCalendarMenuView.swift in Sources */,
				5CB75FE41D37275F007B0A71 /* CVCalendarViewDelegate.swift in Sources */,
				5CB75FE71D37275F007B0A71 /* CVCalendarWeekday.swift in Sources */,
				5CDC7A891D25149600F19BAD /* CircleView.swift in Sources */,
				5CA64C4F1D2AAE3800F5CE32 /* AFHTTPSessionManager.m in Sources */,
				5CB75FEB1D37275F007B0A71 /* CVScrollDirection.swift in Sources */,
				5CB75FDE1D37275F007B0A71 /* CVCalendarTouchController.swift in Sources */,
				5CAA9D2C1D3CCE04006F91EC /* AlertHelper.swift in Sources */,
				5CB75FE01D37275F007B0A71 /* CVCalendarViewAnimator.swift in Sources */,
				5CCC4C271D2B97C400C162EF /* XConnectionHelper.m in Sources */,
				5CB75FDD1D37275F007B0A71 /* CVCalendarMonthView.swift in Sources */,
				5CA64C501D2AAE3800F5CE32 /* AFNetworkReachabilityManager.m in Sources */,
				5CA257211D2B5C200093E516 /* LoginViewController.swift in Sources */,
				5C9EEFD71D2A55A200071C7B /* SchoolInfo.swift in Sources */,
				5CB75FD71D37275F007B0A71 /* CVCalendarDayView.swift in Sources */,
				5CB75FDB1D37275F007B0A71 /* CVCalendarMenuViewDelegate.swift in Sources */,
				5CDC7A761D24F64800F19BAD /* BabyGuard.xcdatamodeld in Sources */,
				5C032B991D295C44003CF613 /* SeatTableViewController.swift in Sources */,
				5C28F6341D2F59400032E26C /* ToolHelper.swift in Sources */,
				5CB75FD61D37275F007B0A71 /* CVCalendarContentViewController.swift in Sources */,
				5CBA04D11D34E8A700ADFCF8 /* TopAnimator.swift in Sources */,
				5CDC7A851D2504F200F19BAD /* TapableView.swift in Sources */,
				5CA64C511D2AAE3800F5CE32 /* AFSecurityPolicy.m in Sources */,
				5C9EEFD51D2A4D3300071C7B /* RequestCenter.swift in Sources */,
				5C9EEFD11D2A4A4400071C7B /* UserInfo.swift in Sources */,
				5CBA04C71D34865100ADFCF8 /* XKeychainHelper.m in Sources */,
				5C9EEFD31D2A4ADE00071C7B /* Information.swift in Sources */,
				5CE518F21D2ABFD100578C41 /* NSString+URL.m in Sources */,
				5CB75FE21D37275F007B0A71 /* CVCalendarViewAppearance.swift in Sources */,
				5CB75FDC1D37275F007B0A71 /* CVCalendarMonthContentViewController.swift in Sources */,
				5CA2571D1D2B4E460093E516 /* DataDirector.swift in Sources */,
				5CA64C4E1D2AAE3800F5CE32 /* AFHTTPRequestOperationManager.m in Sources */,
				5CB75FE81D37275F007B0A71 /* CVCalendarWeekView.swift in Sources */,
				5CB75FE11D37275F007B0A71 /* CVCalendarViewAnimatorDelegate.swift in Sources */,
				5CAA86871D4A11D9004A60C1 /* TabBarViewController.swift in Sources */,
				5CCD7DC11D474B5300E6079F /* RightMenuTableViewController.swift in Sources */,
				5CDC7A831D2503C400F19BAD /* SeatView.swift in Sources */,
				5CA2571F1D2B584A0093E516 /* DataHelper.swift in Sources */,
				5CB75FD81D37275F007B0A71 /* CVCalendarDayViewControlCoordinator.swift in Sources */,
				5CB75FDF1D37275F007B0A71 /* CVCalendarView.swift in Sources */,
				5CB75FED1D37275F007B0A71 /* CVSet.swift in Sources */,
				5CB75FD91D37275F007B0A71 /* CVCalendarManager.swift in Sources */,
				5C828BBC1D3E08430037F5B1 /* SignStatusTableViewController.swift in Sources */,
				5CED3F031D463E160041BE54 /* LeftMenuTableViewController.swift in Sources */,
				5CBA04C91D34DD8000ADFCF8 /* CalendarViewController.swift in Sources */,
				5CB8876E1D2CE7C500F00AED /* ClassViewCell.swift in Sources */,
				5C9EEFCF1D2A481400071C7B /* ApplicationCenter.swift in Sources */,
				5C032B9B1D296047003CF613 /* SeatViewCell.swift in Sources */,
				5CB75FEF1D37275F007B0A71 /* CVWeekdaySymbolType.swift in Sources */,
				5CB75FE61D37275F007B0A71 /* CVCalendarWeekContentViewController.swift in Sources */,
				5CDC7A701D24F64800F19BAD /* ViewController.swift in Sources */,
				5C9EEFD91D2A59EE00071C7B /* ClassInfo.swift in Sources */,
				5CB75FE51D37275F007B0A71 /* CVCalendarViewPresentationMode.swift in Sources */,
				5C9EEFC71D2A3AB700071C7B /* Definition.swift in Sources */,
				5CCBA8A51D29E87D002FD76B /* XDeviceHelper.swift in Sources */,
				5CB75FEE1D37275F007B0A71 /* CVShape.swift in Sources */,
				5CB75FEC1D37275F007B0A71 /* CVSelectionType.swift in Sources */,
				5CB34CC61D2E3E6200F39150 /* SeatInfo.swift in Sources */,
				5CB887631D2CDE8100F00AED /* ClassView.swift in Sources */,
				5CB75FE91D37275F007B0A71 /* CVDate.swift in Sources */,
				5CA64C531D2AAE3800F5CE32 /* AFURLRequestSerialization.m in Sources */,
				5CB75FD51D37275F007B0A71 /* CVAuxiliaryView.swift in Sources */,
				5CA64C4D1D2AAE3800F5CE32 /* AFHTTPRequestOperation.m in Sources */,
				5CCD7DB61D47119500E6079F /* SlideMenuAnimatedTransition.swift in Sources */,
				5CA64C541D2AAE3800F5CE32 /* AFURLResponseSerialization.m in Sources */,
				5CDC7A6E1D24F64800F19BAD /* AppDelegate.swift in Sources */,
			);
			runOnlyForDeploymentPostprocessing = 0;
		};
/* End PBXSourcesBuildPhase section */

/* Begin PBXVariantGroup section */
		5CDC7A711D24F64800F19BAD /* Main.storyboard */ = {
			isa = PBXVariantGroup;
			children = (
				5CDC7A721D24F64800F19BAD /* Base */,
			);
			name = Main.storyboard;
			sourceTree = "<group>";
		};
		5CDC7A791D24F64800F19BAD /* LaunchScreen.storyboard */ = {
			isa = PBXVariantGroup;
			children = (
				5CDC7A7A1D24F64800F19BAD /* Base */,
			);
			name = LaunchScreen.storyboard;
			sourceTree = "<group>";
		};
/* End PBXVariantGroup section */

/* Begin XCBuildConfiguration section */
		5CDC7A7D1D24F64800F19BAD /* Debug */ = {
			isa = XCBuildConfiguration;
			buildSettings = {
				ALWAYS_SEARCH_USER_PATHS = NO;
				CLANG_ANALYZER_NONNULL = YES;
				CLANG_CXX_LANGUAGE_STANDARD = "gnu++0x";
				CLANG_CXX_LIBRARY = "libc++";
				CLANG_ENABLE_MODULES = YES;
				CLANG_ENABLE_OBJC_ARC = YES;
				CLANG_WARN_BOOL_CONVERSION = YES;
				CLANG_WARN_CONSTANT_CONVERSION = YES;
				CLANG_WARN_DIRECT_OBJC_ISA_USAGE = YES_ERROR;
				CLANG_WARN_EMPTY_BODY = YES;
				CLANG_WARN_ENUM_CONVERSION = YES;
				CLANG_WARN_INT_CONVERSION = YES;
				CLANG_WARN_OBJC_ROOT_CLASS = YES_ERROR;
				CLANG_WARN_UNREACHABLE_CODE = YES;
				CLANG_WARN__DUPLICATE_METHOD_MATCH = YES;
				"CODE_SIGN_IDENTITY[sdk=iphoneos*]" = "iPhone Developer";
				COPY_PHASE_STRIP = NO;
				DEBUG_INFORMATION_FORMAT = dwarf;
				ENABLE_STRICT_OBJC_MSGSEND = YES;
				ENABLE_TESTABILITY = YES;
				GCC_C_LANGUAGE_STANDARD = gnu99;
				GCC_DYNAMIC_NO_PIC = NO;
				GCC_NO_COMMON_BLOCKS = YES;
				GCC_OPTIMIZATION_LEVEL = 0;
				GCC_PREPROCESSOR_DEFINITIONS = (
					"DEBUG=1",
					"$(inherited)",
				);
				GCC_WARN_64_TO_32_BIT_CONVERSION = YES;
				GCC_WARN_ABOUT_RETURN_TYPE = YES_ERROR;
				GCC_WARN_UNDECLARED_SELECTOR = YES;
				GCC_WARN_UNINITIALIZED_AUTOS = YES_AGGRESSIVE;
				GCC_WARN_UNUSED_FUNCTION = YES;
				GCC_WARN_UNUSED_VARIABLE = YES;
				IPHONEOS_DEPLOYMENT_TARGET = 9.3;
				MTL_ENABLE_DEBUG_INFO = YES;
				ONLY_ACTIVE_ARCH = YES;
				SDKROOT = iphoneos;
				SWIFT_OPTIMIZATION_LEVEL = "-Onone";
				TARGETED_DEVICE_FAMILY = "1,2";
			};
			name = Debug;
		};
		5CDC7A7E1D24F64800F19BAD /* Release */ = {
			isa = XCBuildConfiguration;
			buildSettings = {
				ALWAYS_SEARCH_USER_PATHS = NO;
				CLANG_ANALYZER_NONNULL = YES;
				CLANG_CXX_LANGUAGE_STANDARD = "gnu++0x";
				CLANG_CXX_LIBRARY = "libc++";
				CLANG_ENABLE_MODULES = YES;
				CLANG_ENABLE_OBJC_ARC = YES;
				CLANG_WARN_BOOL_CONVERSION = YES;
				CLANG_WARN_CONSTANT_CONVERSION = YES;
				CLANG_WARN_DIRECT_OBJC_ISA_USAGE = YES_ERROR;
				CLANG_WARN_EMPTY_BODY = YES;
				CLANG_WARN_ENUM_CONVERSION = YES;
				CLANG_WARN_INT_CONVERSION = YES;
				CLANG_WARN_OBJC_ROOT_CLASS = YES_ERROR;
				CLANG_WARN_UNREACHABLE_CODE = YES;
				CLANG_WARN__DUPLICATE_METHOD_MATCH = YES;
				"CODE_SIGN_IDENTITY[sdk=iphoneos*]" = "iPhone Developer";
				COPY_PHASE_STRIP = NO;
				DEBUG_INFORMATION_FORMAT = "dwarf-with-dsym";
				ENABLE_NS_ASSERTIONS = NO;
				ENABLE_STRICT_OBJC_MSGSEND = YES;
				GCC_C_LANGUAGE_STANDARD = gnu99;
				GCC_NO_COMMON_BLOCKS = YES;
				GCC_WARN_64_TO_32_BIT_CONVERSION = YES;
				GCC_WARN_ABOUT_RETURN_TYPE = YES_ERROR;
				GCC_WARN_UNDECLARED_SELECTOR = YES;
				GCC_WARN_UNINITIALIZED_AUTOS = YES_AGGRESSIVE;
				GCC_WARN_UNUSED_FUNCTION = YES;
				GCC_WARN_UNUSED_VARIABLE = YES;
				IPHONEOS_DEPLOYMENT_TARGET = 9.3;
				MTL_ENABLE_DEBUG_INFO = NO;
				SDKROOT = iphoneos;
				TARGETED_DEVICE_FAMILY = "1,2";
				VALIDATE_PRODUCT = YES;
			};
			name = Release;
		};
		5CDC7A801D24F64800F19BAD /* Debug */ = {
			isa = XCBuildConfiguration;
			baseConfigurationReference = 55558DDB304A60D73A1E34D5 /* Pods.debug.xcconfig */;
			buildSettings = {
				ASSETCATALOG_COMPILER_APPICON_NAME = AppIcon;
				CLANG_ENABLE_MODULES = YES;
				CODE_SIGN_IDENTITY = "iPhone Developer";
				"CODE_SIGN_IDENTITY[sdk=iphoneos*]" = "iPhone Developer";
				INFOPLIST_FILE = BabyGuard/Info.plist;
				IPHONEOS_DEPLOYMENT_TARGET = 8.0;
				LD_RUNPATH_SEARCH_PATHS = "$(inherited) @executable_path/Frameworks";
				PRODUCT_BUNDLE_IDENTIFIER = com.sjgz.BabyGuard;
				PRODUCT_NAME = "$(TARGET_NAME)";
				PROVISIONING_PROFILE = "";
				SWIFT_OBJC_BRIDGING_HEADER = "BabyGuard/Common/BabyGuard-Bridging-Header.h";
				SWIFT_OPTIMIZATION_LEVEL = "-Onone";
			};
			name = Debug;
		};
		5CDC7A811D24F64800F19BAD /* Release */ = {
			isa = XCBuildConfiguration;
			baseConfigurationReference = 854B0F0F95BEFFD98125EAC0 /* Pods.release.xcconfig */;
			buildSettings = {
				ASSETCATALOG_COMPILER_APPICON_NAME = AppIcon;
				CLANG_ENABLE_MODULES = YES;
				CODE_SIGN_IDENTITY = "iPhone Developer";
				"CODE_SIGN_IDENTITY[sdk=iphoneos*]" = "iPhone Developer";
				INFOPLIST_FILE = BabyGuard/Info.plist;
				IPHONEOS_DEPLOYMENT_TARGET = 8.0;
				LD_RUNPATH_SEARCH_PATHS = "$(inherited) @executable_path/Frameworks";
				PRODUCT_BUNDLE_IDENTIFIER = com.sjgz.BabyGuard;
				PRODUCT_NAME = "$(TARGET_NAME)";
				PROVISIONING_PROFILE = "";
				SWIFT_OBJC_BRIDGING_HEADER = "BabyGuard/Common/BabyGuard-Bridging-Header.h";
			};
			name = Release;
		};
/* End XCBuildConfiguration section */

/* Begin XCConfigurationList section */
		5CDC7A651D24F64700F19BAD /* Build configuration list for PBXProject "BabyGuard" */ = {
			isa = XCConfigurationList;
			buildConfigurations = (
				5CDC7A7D1D24F64800F19BAD /* Debug */,
				5CDC7A7E1D24F64800F19BAD /* Release */,
			);
			defaultConfigurationIsVisible = 0;
			defaultConfigurationName = Release;
		};
		5CDC7A7F1D24F64800F19BAD /* Build configuration list for PBXNativeTarget "BabyGuard" */ = {
			isa = XCConfigurationList;
			buildConfigurations = (
				5CDC7A801D24F64800F19BAD /* Debug */,
				5CDC7A811D24F64800F19BAD /* Release */,
			);
			defaultConfigurationIsVisible = 0;
			defaultConfigurationName = Release;
		};
/* End XCConfigurationList section */

/* Begin XCVersionGroup section */
		5CDC7A741D24F64800F19BAD /* BabyGuard.xcdatamodeld */ = {
			isa = XCVersionGroup;
			children = (
				5CDC7A751D24F64800F19BAD /* BabyGuard.xcdatamodel */,
			);
			currentVersion = 5CDC7A751D24F64800F19BAD /* BabyGuard.xcdatamodel */;
			path = BabyGuard.xcdatamodeld;
			sourceTree = "<group>";
			versionGroupType = wrapper.xcdatamodel;
		};
/* End XCVersionGroup section */
	};
	rootObject = 5CDC7A621D24F64700F19BAD /* Project object */;
}
